// !$*UTF8*$!
{
	archiveVersion = 1;
	classes = {
	};
	objectVersion = 77;
	objects = {

/* Begin PBXContainerItemProxy section */
		24B86FA72CD76C3200E7DEB0 /* PBXContainerItemProxy */ = {
			isa = PBXContainerItemProxy;
			containerPortal = 24B86F8E2CD76C3100E7DEB0 /* Project object */;
			proxyType = 1;
			remoteGlobalIDString = 24B86F952CD76C3100E7DEB0;
			remoteInfo = Scaling_views_text;
		};
		24B86FB12CD76C3200E7DEB0 /* PBXContainerItemProxy */ = {
			isa = PBXContainerItemProxy;
			containerPortal = 24B86F8E2CD76C3100E7DEB0 /* Project object */;
			proxyType = 1;
			remoteGlobalIDString = 24B86F952CD76C3100E7DEB0;
			remoteInfo = Scaling_views_text;
		};
/* End PBXContainerItemProxy section */

/* Begin PBXFileReference section */
		24B86F962CD76C3100E7DEB0 /* Scaling_views_text.app */ = {isa = PBXFileReference; explicitFileType = wrapper.application; includeInIndex = 0; path = Scaling_views_text.app; sourceTree = BUILT_PRODUCTS_DIR; };
		24B86FA62CD76C3200E7DEB0 /* Scaling_views_textTests.xctest */ = {isa = PBXFileReference; explicitFileType = wrapper.cfbundle; includeInIndex = 0; path = Scaling_views_textTests.xctest; sourceTree = BUILT_PRODUCTS_DIR; };
		24B86FB02CD76C3200E7DEB0 /* Scaling_views_textUITests.xctest */ = {isa = PBXFileReference; explicitFileType = wrapper.cfbundle; includeInIndex = 0; path = Scaling_views_textUITests.xctest; sourceTree = BUILT_PRODUCTS_DIR; };
/* End PBXFileReference section */

/* Begin PBXFileSystemSynchronizedRootGroup section */
		24B86F982CD76C3100E7DEB0 /* Scaling_views_text */ = {
			isa = PBXFileSystemSynchronizedRootGroup;
			path = Scaling_views_text;
			sourceTree = "<group>";
		};
		24B86FA92CD76C3200E7DEB0 /* Scaling_views_textTests */ = {
			isa = PBXFileSystemSynchronizedRootGroup;
			path = Scaling_views_textTests;
			sourceTree = "<group>";
		};
		24B86FB32CD76C3200E7DEB0 /* Scaling_views_textUITests */ = {
			isa = PBXFileSystemSynchronizedRootGroup;
			path = Scaling_views_textUITests;
			sourceTree = "<group>";
		};
/* End PBXFileSystemSynchronizedRootGroup section */

/* Begin PBXFrameworksBuildPhase section */
		24B86F932CD76C3100E7DEB0 /* Frameworks */ = {
			isa = PBXFrameworksBuildPhase;
			buildActionMask = 2147483647;
			files = (
			);
			runOnlyForDeploymentPostprocessing = 0;
		};
		24B86FA32CD76C3200E7DEB0 /* Frameworks */ = {
			isa = PBXFrameworksBuildPhase;
			buildActionMask = 2147483647;
			files = (
			);
			runOnlyForDeploymentPostprocessing = 0;
		};
		24B86FAD2CD76C3200E7DEB0 /* Frameworks */ = {
			isa = PBXFrameworksBuildPhase;
			buildActionMask = 2147483647;
			files = (
			);
			runOnlyForDeploymentPostprocessing = 0;
		};
/* End PBXFrameworksBuildPhase section */

/* Begin PBXGroup section */
		24B86F8D2CD76C3100E7DEB0 = {
			isa = PBXGroup;
			children = (
				24B86F982CD76C3100E7DEB0 /* Scaling_views_text */,
				24B86FA92CD76C3200E7DEB0 /* Scaling_views_textTests */,
				24B86FB32CD76C3200E7DEB0 /* Scaling_views_textUITests */,
				24B86F972CD76C3100E7DEB0 /* Products */,
			);
			sourceTree = "<group>";
		};
		24B86F972CD76C3100E7DEB0 /* Products */ = {
			isa = PBXGroup;
			children = (
				24B86F962CD76C3100E7DEB0 /* Scaling_views_text.app */,
				24B86FA62CD76C3200E7DEB0 /* Scaling_views_textTests.xctest */,
				24B86FB02CD76C3200E7DEB0 /* Scaling_views_textUITests.xctest */,
			);
			name = Products;
			sourceTree = "<group>";
		};
/* End PBXGroup section */

/* Begin PBXNativeTarget section */
		24B86F952CD76C3100E7DEB0 /* Scaling_views_text */ = {
			isa = PBXNativeTarget;
			buildConfigurationList = 24B86FBA2CD76C3200E7DEB0 /* Build configuration list for PBXNativeTarget "Scaling_views_text" */;
			buildPhases = (
				24B86F922CD76C3100E7DEB0 /* Sources */,
				24B86F932CD76C3100E7DEB0 /* Frameworks */,
				24B86F942CD76C3100E7DEB0 /* Resources */,
			);
			buildRules = (
			);
			dependencies = (
			);
			fileSystemSynchronizedGroups = (
				24B86F982CD76C3100E7DEB0 /* Scaling_views_text */,
			);
			name = Scaling_views_text;
			packageProductDependencies = (
			);
			productName = Scaling_views_text;
			productReference = 24B86F962CD76C3100E7DEB0 /* Scaling_views_text.app */;
			productType = "com.apple.product-type.application";
		};
		24B86FA52CD76C3200E7DEB0 /* Scaling_views_textTests */ = {
			isa = PBXNativeTarget;
			buildConfigurationList = 24B86FBD2CD76C3200E7DEB0 /* Build configuration list for PBXNativeTarget "Scaling_views_textTests" */;
			buildPhases = (
				24B86FA22CD76C3200E7DEB0 /* Sources */,
				24B86FA32CD76C3200E7DEB0 /* Frameworks */,
				24B86FA42CD76C3200E7DEB0 /* Resources */,
			);
			buildRules = (
			);
			dependencies = (
				24B86FA82CD76C3200E7DEB0 /* PBXTargetDependency */,
			);
			fileSystemSynchronizedGroups = (
				24B86FA92CD76C3200E7DEB0 /* Scaling_views_textTests */,
			);
			name = Scaling_views_textTests;
			packageProductDependencies = (
			);
			productName = Scaling_views_textTests;
			productReference = 24B86FA62CD76C3200E7DEB0 /* Scaling_views_textTests.xctest */;
			productType = "com.apple.product-type.bundle.unit-test";
		};
		24B86FAF2CD76C3200E7DEB0 /* Scaling_views_textUITests */ = {
			isa = PBXNativeTarget;
			buildConfigurationList = 24B86FC02CD76C3200E7DEB0 /* Build configuration list for PBXNativeTarget "Scaling_views_textUITests" */;
			buildPhases = (
				24B86FAC2CD76C3200E7DEB0 /* Sources */,
				24B86FAD2CD76C3200E7DEB0 /* Frameworks */,
				24B86FAE2CD76C3200E7DEB0 /* Resources */,
			);
			buildRules = (
			);
			dependencies = (
				24B86FB22CD76C3200E7DEB0 /* PBXTargetDependency */,
			);
			fileSystemSynchronizedGroups = (
				24B86FB32CD76C3200E7DEB0 /* Scaling_views_textUITests */,
			);
			name = Scaling_views_textUITests;
			packageProductDependencies = (
			);
			productName = Scaling_views_textUITests;
			productReference = 24B86FB02CD76C3200E7DEB0 /* Scaling_views_textUITests.xctest */;
			productType = "com.apple.product-type.bundle.ui-testing";
		};
/* End PBXNativeTarget section */

/* Begin PBXProject section */
		24B86F8E2CD76C3100E7DEB0 /* Project object */ = {
			isa = PBXProject;
			attributes = {
				BuildIndependentTargetsInParallel = 1;
				LastSwiftUpdateCheck = 1610;
				LastUpgradeCheck = 1610;
				TargetAttributes = {
					24B86F952CD76C3100E7DEB0 = {
						CreatedOnToolsVersion = 16.1;
					};
					24B86FA52CD76C3200E7DEB0 = {
						CreatedOnToolsVersion = 16.1;
						TestTargetID = 24B86F952CD76C3100E7DEB0;
					};
					24B86FAF2CD76C3200E7DEB0 = {
						CreatedOnToolsVersion = 16.1;
						TestTargetID = 24B86F952CD76C3100E7DEB0;
					};
				};
			};
			buildConfigurationList = 24B86F912CD76C3100E7DEB0 /* Build configuration list for PBXProject "Scaling_views_text" */;
			developmentRegion = en;
			hasScannedForEncodings = 0;
			knownRegions = (
				en,
				Base,
			);
			mainGroup = 24B86F8D2CD76C3100E7DEB0;
			minimizedProjectReferenceProxies = 1;
			preferredProjectObjectVersion = 77;
			productRefGroup = 24B86F972CD76C3100E7DEB0 /* Products */;
			projectDirPath = "";
			projectRoot = "";
			targets = (
				24B86F952CD76C3100E7DEB0 /* Scaling_views_text */,
				24B86FA52CD76C3200E7DEB0 /* Scaling_views_textTests */,
				24B86FAF2CD76C3200E7DEB0 /* Scaling_views_textUITests */,
			);
		};
/* End PBXProject section */

/* Begin PBXResourcesBuildPhase section */
		24B86F942CD76C3100E7DEB0 /* Resources */ = {
			isa = PBXResourcesBuildPhase;
			buildActionMask = 2147483647;
			files = (
			);
			runOnlyForDeploymentPostprocessing = 0;
		};
		24B86FA42CD76C3200E7DEB0 /* Resources */ = {
			isa = PBXResourcesBuildPhase;
			buildActionMask = 2147483647;
			files = (
			);
			runOnlyForDeploymentPostprocessing = 0;
		};
		24B86FAE2CD76C3200E7DEB0 /* Resources */ = {
			isa = PBXResourcesBuildPhase;
			buildActionMask = 2147483647;
			files = (
			);
			runOnlyForDeploymentPostprocessing = 0;
		};
/* End PBXResourcesBuildPhase section */

/* Begin PBXSourcesBuildPhase section */
		24B86F922CD76C3100E7DEB0 /* Sources */ = {
			isa = PBXSourcesBuildPhase;
			buildActionMask = 2147483647;
			files = (
			);
			runOnlyForDeploymentPostprocessing = 0;
		};
		24B86FA22CD76C3200E7DEB0 /* Sources */ = {
			isa = PBXSourcesBuildPhase;
			buildActionMask = 2147483647;
			files = (
			);
			runOnlyForDeploymentPostprocessing = 0;
		};
		24B86FAC2CD76C3200E7DEB0 /* Sources */ = {
			isa = PBXSourcesBuildPhase;
			buildActionMask = 2147483647;
			files = (
			);
			runOnlyForDeploymentPostprocessing = 0;
		};
/* End PBXSourcesBuildPhase section */

/* Begin PBXTargetDependency section */
		24B86FA82CD76C3200E7DEB0 /* PBXTargetDependency */ = {
			isa = PBXTargetDependency;
			target = 24B86F952CD76C3100E7DEB0 /* Scaling_views_text */;
			targetProxy = 24B86FA72CD76C3200E7DEB0 /* PBXContainerItemProxy */;
		};
		24B86FB22CD76C3200E7DEB0 /* PBXTargetDependency */ = {
			isa = PBXTargetDependency;
			target = 24B86F952CD76C3100E7DEB0 /* Scaling_views_text */;
			targetProxy = 24B86FB12CD76C3200E7DEB0 /* PBXContainerItemProxy */;
		};
/* End PBXTargetDependency section */

/* Begin XCBuildConfiguration section */
		24B86FB82CD76C3200E7DEB0 /* Debug */ = {
			isa = XCBuildConfiguration;
			buildSettings = {
				ALWAYS_SEARCH_USER_PATHS = NO;
				ASSETCATALOG_COMPILER_GENERATE_SWIFT_ASSET_SYMBOL_EXTENSIONS = YES;
				CLANG_ANALYZER_NONNULL = YES;
				CLANG_ANALYZER_NUMBER_OBJECT_CONVERSION = YES_AGGRESSIVE;
				CLANG_CXX_LANGUAGE_STANDARD = "gnu++20";
				CLANG_ENABLE_MODULES = YES;
				CLANG_ENABLE_OBJC_ARC = YES;
				CLANG_ENABLE_OBJC_WEAK = YES;
				CLANG_WARN_BLOCK_CAPTURE_AUTORELEASING = YES;
				CLANG_WARN_BOOL_CONVERSION = YES;
				CLANG_WARN_COMMA = YES;
				CLANG_WARN_CONSTANT_CONVERSION = YES;
				CLANG_WARN_DEPRECATED_OBJC_IMPLEMENTATIONS = YES;
				CLANG_WARN_DIRECT_OBJC_ISA_USAGE = YES_ERROR;
				CLANG_WARN_DOCUMENTATION_COMMENTS = YES;
				CLANG_WARN_EMPTY_BODY = YES;
				CLANG_WARN_ENUM_CONVERSION = YES;
				CLANG_WARN_INFINITE_RECURSION = YES;
				CLANG_WARN_INT_CONVERSION = YES;
				CLANG_WARN_NON_LITERAL_NULL_CONVERSION = YES;
				CLANG_WARN_OBJC_IMPLICIT_RETAIN_SELF = YES;
				CLANG_WARN_OBJC_LITERAL_CONVERSION = YES;
				CLANG_WARN_OBJC_ROOT_CLASS = YES_ERROR;
				CLANG_WARN_QUOTED_INCLUDE_IN_FRAMEWORK_HEADER = YES;
				CLANG_WARN_RANGE_LOOP_ANALYSIS = YES;
				CLANG_WARN_STRICT_PROTOTYPES = YES;
				CLANG_WARN_SUSPICIOUS_MOVE = YES;
				CLANG_WARN_UNGUARDED_AVAILABILITY = YES_AGGRESSIVE;
				CLANG_WARN_UNREACHABLE_CODE = YES;
				CLANG_WARN__DUPLICATE_METHOD_MATCH = YES;
				COPY_PHASE_STRIP = NO;
				DEBUG_INFORMATION_FORMAT = dwarf;
				ENABLE_STRICT_OBJC_MSGSEND = YES;
				ENABLE_TESTABILITY = YES;
				ENABLE_USER_SCRIPT_SANDBOXING = YES;
				GCC_C_LANGUAGE_STANDARD = gnu17;
				GCC_DYNAMIC_NO_PIC = NO;
				GCC_NO_COMMON_BLOCKS = YES;
				GCC_OPTIMIZATION_LEVEL = 0;
				GCC_PREPROCESSOR_DEFINITIONS = (
					"DEBUG=1",
					"$(inherited)",
				);
				GCC_WARN_64_TO_32_BIT_CONVERSION = YES;
				GCC_WARN_ABOUT_RETURN_TYPE = YES_ERROR;
				GCC_WARN_UNDECLARED_SELECTOR = YES;
				GCC_WARN_UNINITIALIZED_AUTOS = YES_AGGRESSIVE;
				GCC_WARN_UNUSED_FUNCTION = YES;
				GCC_WARN_UNUSED_VARIABLE = YES;
				IPHONEOS_DEPLOYMENT_TARGET = 18.1;
				LOCALIZATION_PREFERS_STRING_CATALOGS = YES;
				MTL_ENABLE_DEBUG_INFO = INCLUDE_SOURCE;
				MTL_FAST_MATH = YES;
				ONLY_ACTIVE_ARCH = YES;
				SDKROOT = iphoneos;
				SWIFT_ACTIVE_COMPILATION_CONDITIONS = "DEBUG $(inherited)";
				SWIFT_OPTIMIZATION_LEVEL = "-Onone";
			};
			name = Debug;
		};
		24B86FB92CD76C3200E7DEB0 /* Release */ = {
			isa = XCBuildConfiguration;
			buildSettings = {
				ALWAYS_SEARCH_USER_PATHS = NO;
				ASSETCATALOG_COMPILER_GENERATE_SWIFT_ASSET_SYMBOL_EXTENSIONS = YES;
				CLANG_ANALYZER_NONNULL = YES;
				CLANG_ANALYZER_NUMBER_OBJECT_CONVERSION = YES_AGGRESSIVE;
				CLANG_CXX_LANGUAGE_STANDARD = "gnu++20";
				CLANG_ENABLE_MODULES = YES;
				CLANG_ENABLE_OBJC_ARC = YES;
				CLANG_ENABLE_OBJC_WEAK = YES;
				CLANG_WARN_BLOCK_CAPTURE_AUTORELEASING = YES;
				CLANG_WARN_BOOL_CONVERSION = YES;
				CLANG_WARN_COMMA = YES;
				CLANG_WARN_CONSTANT_CONVERSION = YES;
				CLANG_WARN_DEPRECATED_OBJC_IMPLEMENTATIONS = YES;
				CLANG_WARN_DIRECT_OBJC_ISA_USAGE = YES_ERROR;
				CLANG_WARN_DOCUMENTATION_COMMENTS = YES;
				CLANG_WARN_EMPTY_BODY = YES;
				CLANG_WARN_ENUM_CONVERSION = YES;
				CLANG_WARN_INFINITE_RECURSION = YES;
				CLANG_WARN_INT_CONVERSION = YES;
				CLANG_WARN_NON_LITERAL_NULL_CONVERSION = YES;
				CLANG_WARN_OBJC_IMPLICIT_RETAIN_SELF = YES;
				CLANG_WARN_OBJC_LITERAL_CONVERSION = YES;
				CLANG_WARN_OBJC_ROOT_CLASS = YES_ERROR;
				CLANG_WARN_QUOTED_INCLUDE_IN_FRAMEWORK_HEADER = YES;
				CLANG_WARN_RANGE_LOOP_ANALYSIS = YES;
				CLANG_WARN_STRICT_PROTOTYPES = YES;
				CLANG_WARN_SUSPICIOUS_MOVE = YES;
				CLANG_WARN_UNGUARDED_AVAILABILITY = YES_AGGRESSIVE;
				CLANG_WARN_UNREACHABLE_CODE = YES;
				CLANG_WARN__DUPLICATE_METHOD_MATCH = YES;
				COPY_PHASE_STRIP = NO;
				DEBUG_INFORMATION_FORMAT = "dwarf-with-dsym";
				ENABLE_NS_ASSERTIONS = NO;
				ENABLE_STRICT_OBJC_MSGSEND = YES;
				ENABLE_USER_SCRIPT_SANDBOXING = YES;
				GCC_C_LANGUAGE_STANDARD = gnu17;
				GCC_NO_COMMON_BLOCKS = YES;
				GCC_WARN_64_TO_32_BIT_CONVERSION = YES;
				GCC_WARN_ABOUT_RETURN_TYPE = YES_ERROR;
				GCC_WARN_UNDECLARED_SELECTOR = YES;
				GCC_WARN_UNINITIALIZED_AUTOS = YES_AGGRESSIVE;
				GCC_WARN_UNUSED_FUNCTION = YES;
				GCC_WARN_UNUSED_VARIABLE = YES;
				IPHONEOS_DEPLOYMENT_TARGET = 18.1;
				LOCALIZATION_PREFERS_STRING_CATALOGS = YES;
				MTL_ENABLE_DEBUG_INFO = NO;
				MTL_FAST_MATH = YES;
				SDKROOT = iphoneos;
				SWIFT_COMPILATION_MODE = wholemodule;
				VALIDATE_PRODUCT = YES;
			};
			name = Release;
		};
		24B86FBB2CD76C3200E7DEB0 /* Debug */ = {
			isa = XCBuildConfiguration;
			buildSettings = {
				ASSETCATALOG_COMPILER_APPICON_NAME = AppIcon;
				ASSETCATALOG_COMPILER_GLOBAL_ACCENT_COLOR_NAME = AccentColor;
				CODE_SIGN_STYLE = Automatic;
				CURRENT_PROJECT_VERSION = 1;
				DEVELOPMENT_ASSET_PATHS = "\"Scaling_views_text/Preview Content\"";
				ENABLE_PREVIEWS = YES;
				GENERATE_INFOPLIST_FILE = YES;
				INFOPLIST_KEY_UIApplicationSceneManifest_Generation = YES;
				INFOPLIST_KEY_UIApplicationSupportsIndirectInputEvents = YES;
				INFOPLIST_KEY_UILaunchScreen_Generation = YES;
				INFOPLIST_KEY_UISupportedInterfaceOrientations_iPad = "UIInterfaceOrientationPortrait UIInterfaceOrientationPortraitUpsideDown UIInterfaceOrientationLandscapeLeft UIInterfaceOrientationLandscapeRight";
				INFOPLIST_KEY_UISupportedInterfaceOrientations_iPhone = "UIInterfaceOrientationPortrait UIInterfaceOrientationLandscapeLeft UIInterfaceOrientationLandscapeRight";
				LD_RUNPATH_SEARCH_PATHS = (
					"$(inherited)",
					"@executable_path/Frameworks",
				);
				MARKETING_VERSION = 1.0;
				PRODUCT_BUNDLE_IDENTIFIER = "com.example.test.Scaling-views-text";
				PRODUCT_NAME = "$(TARGET_NAME)";
				SWIFT_EMIT_LOC_STRINGS = YES;
				SWIFT_VERSION = 5.0;
				TARGETED_DEVICE_FAMILY = "1,2";
			};
			name = Debug;
		};
		24B86FBC2CD76C3200E7DEB0 /* Release */ = {
			isa = XCBuildConfiguration;
			buildSettings = {
				ASSETCATALOG_COMPILER_APPICON_NAME = AppIcon;
				ASSETCATALOG_COMPILER_GLOBAL_ACCENT_COLOR_NAME = AccentColor;
				CODE_SIGN_STYLE = Automatic;
				CURRENT_PROJECT_VERSION = 1;
				DEVELOPMENT_ASSET_PATHS = "\"Scaling_views_text/Preview Content\"";
				ENABLE_PREVIEWS = YES;
				GENERATE_INFOPLIST_FILE = YES;
				INFOPLIST_KEY_UIApplicationSceneManifest_Generation = YES;
				INFOPLIST_KEY_UIApplicationSupportsIndirectInputEvents = YES;
				INFOPLIST_KEY_UILaunchScreen_Generation = YES;
				INFOPLIST_KEY_UISupportedInterfaceOrientations_iPad = "UIInterfaceOrientationPortrait UIInterfaceOrientationPortraitUpsideDown UIInterfaceOrientationLandscapeLeft UIInterfaceOrientationLandscapeRight";
				INFOPLIST_KEY_UISupportedInterfaceOrientations_iPhone = "UIInterfaceOrientationPortrait UIInterfaceOrientationLandscapeLeft UIInterfaceOrientationLandscapeRight";
				LD_RUNPATH_SEARCH_PATHS = (
					"$(inherited)",
					"@executable_path/Frameworks",
				);
				MARKETING_VERSION = 1.0;
				PRODUCT_BUNDLE_IDENTIFIER = "com.example.test.Scaling-views-text";
				PRODUCT_NAME = "$(TARGET_NAME)";
				SWIFT_EMIT_LOC_STRINGS = YES;
				SWIFT_VERSION = 5.0;
				TARGETED_DEVICE_FAMILY = "1,2";
			};
			name = Release;
		};
		24B86FBE2CD76C3200E7DEB0 /* Debug */ = {
			isa = XCBuildConfiguration;
			buildSettings = {
				BUNDLE_LOADER = "$(TEST_HOST)";
				CODE_SIGN_STYLE = Automatic;
				CURRENT_PROJECT_VERSION = 1;
				GENERATE_INFOPLIST_FILE = YES;
				IPHONEOS_DEPLOYMENT_TARGET = 18.1;
				MARKETING_VERSION = 1.0;
				PRODUCT_BUNDLE_IDENTIFIER = "com.example.test.Scaling-views-textTests";
				PRODUCT_NAME = "$(TARGET_NAME)";
				SWIFT_EMIT_LOC_STRINGS = NO;
				SWIFT_VERSION = 5.0;
				TARGETED_DEVICE_FAMILY = "1,2";
				TEST_HOST = "$(BUILT_PRODUCTS_DIR)/Scaling_views_text.app/$(BUNDLE_EXECUTABLE_FOLDER_PATH)/Scaling_views_text";
			};
			name = Debug;
		};
		24B86FBF2CD76C3200E7DEB0 /* Release */ = {
			isa = XCBuildConfiguration;
			buildSettings = {
				BUNDLE_LOADER = "$(TEST_HOST)";
				CODE_SIGN_STYLE = Automatic;
				CURRENT_PROJECT_VERSION = 1;
				GENERATE_INFOPLIST_FILE = YES;
				IPHONEOS_DEPLOYMENT_TARGET = 18.1;
				MARKETING_VERSION = 1.0;
				PRODUCT_BUNDLE_IDENTIFIER = "com.example.test.Scaling-views-textTests";
				PRODUCT_NAME = "$(TARGET_NAME)";
				SWIFT_EMIT_LOC_STRINGS = NO;
				SWIFT_VERSION = 5.0;
				TARGETED_DEVICE_FAMILY = "1,2";
				TEST_HOST = "$(BUILT_PRODUCTS_DIR)/Scaling_views_text.app/$(BUNDLE_EXECUTABLE_FOLDER_PATH)/Scaling_views_text";
			};
			name = Release;
		};
		24B86FC12CD76C3200E7DEB0 /* Debug */ = {
			isa = XCBuildConfiguration;
			buildSettings = {
				CODE_SIGN_STYLE = Automatic;
				CURRENT_PROJECT_VERSION = 1;
				GENERATE_INFOPLIST_FILE = YES;
				MARKETING_VERSION = 1.0;
				PRODUCT_BUNDLE_IDENTIFIER = "com.example.test.Scaling-views-textUITests";
				PRODUCT_NAME = "$(TARGET_NAME)";
				SWIFT_EMIT_LOC_STRINGS = NO;
				SWIFT_VERSION = 5.0;
				TARGETED_DEVICE_FAMILY = "1,2";
				TEST_TARGET_NAME = Scaling_views_text;
			};
			name = Debug;
		};
		24B86FC22CD76C3200E7DEB0 /* Release */ = {
			isa = XCBuildConfiguration;
			buildSettings = {
				CODE_SIGN_STYLE = Automatic;
				CURRENT_PROJECT_VERSION = 1;
				GENERATE_INFOPLIST_FILE = YES;
				MARKETING_VERSION = 1.0;
				PRODUCT_BUNDLE_IDENTIFIER = "com.example.test.Scaling-views-textUITests";
				PRODUCT_NAME = "$(TARGET_NAME)";
				SWIFT_EMIT_LOC_STRINGS = NO;
				SWIFT_VERSION = 5.0;
				TARGETED_DEVICE_FAMILY = "1,2";
				TEST_TARGET_NAME = Scaling_views_text;
			};
			name = Release;
		};
/* End XCBuildConfiguration section */

/* Begin XCConfigurationList section */
		24B86F912CD76C3100E7DEB0 /* Build configuration list for PBXProject "Scaling_views_text" */ = {
			isa = XCConfigurationList;
			buildConfigurations = (
				24B86FB82CD76C3200E7DEB0 /* Debug */,
				24B86FB92CD76C3200E7DEB0 /* Release */,
			);
			defaultConfigurationIsVisible = 0;
			defaultConfigurationName = Release;
		};
		24B86FBA2CD76C3200E7DEB0 /* Build configuration list for PBXNativeTarget "Scaling_views_text" */ = {
			isa = XCConfigurationList;
			buildConfigurations = (
				24B86FBB2CD76C3200E7DEB0 /* Debug */,
				24B86FBC2CD76C3200E7DEB0 /* Release */,
			);
			defaultConfigurationIsVisible = 0;
			defaultConfigurationName = Release;
		};
		24B86FBD2CD76C3200E7DEB0 /* Build configuration list for PBXNativeTarget "Scaling_views_textTests" */ = {
			isa = XCConfigurationList;
			buildConfigurations = (
				24B86FBE2CD76C3200E7DEB0 /* Debug */,
				24B86FBF2CD76C3200E7DEB0 /* Release */,
			);
			defaultConfigurationIsVisible = 0;
			defaultConfigurationName = Release;
		};
		24B86FC02CD76C3200E7DEB0 /* Build configuration list for PBXNativeTarget "Scaling_views_textUITests" */ = {
			isa = XCConfigurationList;
			buildConfigurations = (
				24B86FC12CD76C3200E7DEB0 /* Debug */,
				24B86FC22CD76C3200E7DEB0 /* Release */,
			);
			defaultConfigurationIsVisible = 0;
			defaultConfigurationName = Release;
		};
/* End XCConfigurationList section */
	};
	rootObject = 24B86F8E2CD76C3100E7DEB0 /* Project object */;
}
