// !$*UTF8*$!
{
	archiveVersion = 1;
	classes = {
	};
	objectVersion = 77;
	objects = {

/* Begin PBXBuildFile section */
		2427D91D2D192EEA00E34C22 /* DataProvider in Frameworks */ = {isa = PBXBuildFile; productRef = 2427D91C2D192EEA00E34C22 /* DataProvider */; };
		242DC6F22D18342B00A2DF71 /* DataProvider in Resources */ = {isa = PBXBuildFile; fileRef = 242DC6EC2D18342B00A2DF71 /* DataProvider */; };
/* End PBXBuildFile section */

/* Begin PBXContainerItemProxy section */
		242DC6CC2D1833B800A2DF71 /* PBXContainerItemProxy */ = {
			isa = PBXContainerItemProxy;
			containerPortal = 242DC6B32D1833B700A2DF71 /* Project object */;
			proxyType = 1;
			remoteGlobalIDString = 242DC6BA2D1833B700A2DF71;
			remoteInfo = DataTest;
		};
		242DC6D62D1833B800A2DF71 /* PBXContainerItemProxy */ = {
			isa = PBXContainerItemProxy;
			containerPortal = 242DC6B32D1833B700A2DF71 /* Project object */;
			proxyType = 1;
			remoteGlobalIDString = 242DC6BA2D1833B700A2DF71;
			remoteInfo = DataTest;
		};
/* End PBXContainerItemProxy section */

/* Begin PBXFileReference section */
		242DC6BB2D1833B700A2DF71 /* DataTest.app */ = {isa = PBXFileReference; explicitFileType = wrapper.application; includeInIndex = 0; path = DataTest.app; sourceTree = BUILT_PRODUCTS_DIR; };
		242DC6CB2D1833B800A2DF71 /* DataTestTests.xctest */ = {isa = PBXFileReference; explicitFileType = wrapper.cfbundle; includeInIndex = 0; path = DataTestTests.xctest; sourceTree = BUILT_PRODUCTS_DIR; };
		242DC6D52D1833B800A2DF71 /* DataTestUITests.xctest */ = {isa = PBXFileReference; explicitFileType = wrapper.cfbundle; includeInIndex = 0; path = DataTestUITests.xctest; sourceTree = BUILT_PRODUCTS_DIR; };
		242DC6EC2D18342B00A2DF71 /* DataProvider */ = {isa = PBXFileReference; lastKnownFileType = wrapper; path = DataProvider; sourceTree = "<group>"; };
/* End PBXFileReference section */

/* Begin PBXFileSystemSynchronizedRootGroup section */
		242DC6BD2D1833B700A2DF71 /* DataTest */ = {
			isa = PBXFileSystemSynchronizedRootGroup;
			path = DataTest;
			sourceTree = "<group>";
		};
		242DC6CE2D1833B800A2DF71 /* DataTestTests */ = {
			isa = PBXFileSystemSynchronizedRootGroup;
			path = DataTestTests;
			sourceTree = "<group>";
		};
		242DC6D82D1833B800A2DF71 /* DataTestUITests */ = {
			isa = PBXFileSystemSynchronizedRootGroup;
			path = DataTestUITests;
			sourceTree = "<group>";
		};
/* End PBXFileSystemSynchronizedRootGroup section */

/* Begin PBXFrameworksBuildPhase section */
		242DC6B82D1833B700A2DF71 /* Frameworks */ = {
			isa = PBXFrameworksBuildPhase;
			buildActionMask = 2147483647;
			files = (
				2427D91D2D192EEA00E34C22 /* DataProvider in Frameworks */,
			);
			runOnlyForDeploymentPostprocessing = 0;
		};
		242DC6C82D1833B800A2DF71 /* Frameworks */ = {
			isa = PBXFrameworksBuildPhase;
			buildActionMask = 2147483647;
			files = (
			);
			runOnlyForDeploymentPostprocessing = 0;
		};
		242DC6D22D1833B800A2DF71 /* Frameworks */ = {
			isa = PBXFrameworksBuildPhase;
			buildActionMask = 2147483647;
			files = (
			);
			runOnlyForDeploymentPostprocessing = 0;
		};
/* End PBXFrameworksBuildPhase section */

/* Begin PBXGroup section */
		2427D91B2D192EEA00E34C22 /* Frameworks */ = {
			isa = PBXGroup;
			children = (
			);
			name = Frameworks;
			sourceTree = "<group>";
		};
		242DC6B22D1833B700A2DF71 = {
			isa = PBXGroup;
			children = (
				242DC6EC2D18342B00A2DF71 /* DataProvider */,
				242DC6BD2D1833B700A2DF71 /* DataTest */,
				242DC6CE2D1833B800A2DF71 /* DataTestTests */,
				242DC6D82D1833B800A2DF71 /* DataTestUITests */,
				2427D91B2D192EEA00E34C22 /* Frameworks */,
				242DC6BC2D1833B700A2DF71 /* Products */,
			);
			sourceTree = "<group>";
		};
		242DC6BC2D1833B700A2DF71 /* Products */ = {
			isa = PBXGroup;
			children = (
				242DC6BB2D1833B700A2DF71 /* DataTest.app */,
				242DC6CB2D1833B800A2DF71 /* DataTestTests.xctest */,
				242DC6D52D1833B800A2DF71 /* DataTestUITests.xctest */,
			);
			name = Products;
			sourceTree = "<group>";
		};
/* End PBXGroup section */

/* Begin PBXNativeTarget section */
		242DC6BA2D1833B700A2DF71 /* DataTest */ = {
			isa = PBXNativeTarget;
			buildConfigurationList = 242DC6DF2D1833B800A2DF71 /* Build configuration list for PBXNativeTarget "DataTest" */;
			buildPhases = (
				242DC6B72D1833B700A2DF71 /* Sources */,
				242DC6B82D1833B700A2DF71 /* Frameworks */,
				242DC6B92D1833B700A2DF71 /* Resources */,
			);
			buildRules = (
			);
			dependencies = (
			);
			fileSystemSynchronizedGroups = (
				242DC6BD2D1833B700A2DF71 /* DataTest */,
			);
			name = DataTest;
			packageProductDependencies = (
				2427D91C2D192EEA00E34C22 /* DataProvider */,
			);
			productName = DataTest;
			productReference = 242DC6BB2D1833B700A2DF71 /* DataTest.app */;
			productType = "com.apple.product-type.application";
		};
		242DC6CA2D1833B800A2DF71 /* DataTestTests */ = {
			isa = PBXNativeTarget;
			buildConfigurationList = 242DC6E22D1833B800A2DF71 /* Build configuration list for PBXNativeTarget "DataTestTests" */;
			buildPhases = (
				242DC6C72D1833B800A2DF71 /* Sources */,
				242DC6C82D1833B800A2DF71 /* Frameworks */,
				242DC6C92D1833B800A2DF71 /* Resources */,
			);
			buildRules = (
			);
			dependencies = (
				242DC6CD2D1833B800A2DF71 /* PBXTargetDependency */,
			);
			fileSystemSynchronizedGroups = (
				242DC6CE2D1833B800A2DF71 /* DataTestTests */,
			);
			name = DataTestTests;
			packageProductDependencies = (
			);
			productName = DataTestTests;
			productReference = 242DC6CB2D1833B800A2DF71 /* DataTestTests.xctest */;
			productType = "com.apple.product-type.bundle.unit-test";
		};
		242DC6D42D1833B800A2DF71 /* DataTestUITests */ = {
			isa = PBXNativeTarget;
			buildConfigurationList = 242DC6E52D1833B800A2DF71 /* Build configuration list for PBXNativeTarget "DataTestUITests" */;
			buildPhases = (
				242DC6D12D1833B800A2DF71 /* Sources */,
				242DC6D22D1833B800A2DF71 /* Frameworks */,
				242DC6D32D1833B800A2DF71 /* Resources */,
			);
			buildRules = (
			);
			dependencies = (
				242DC6D72D1833B800A2DF71 /* PBXTargetDependency */,
			);
			fileSystemSynchronizedGroups = (
				242DC6D82D1833B800A2DF71 /* DataTestUITests */,
			);
			name = DataTestUITests;
			packageProductDependencies = (
			);
			productName = DataTestUITests;
			productReference = 242DC6D52D1833B800A2DF71 /* DataTestUITests.xctest */;
			productType = "com.apple.product-type.bundle.ui-testing";
		};
/* End PBXNativeTarget section */

/* Begin PBXProject section */
		242DC6B32D1833B700A2DF71 /* Project object */ = {
			isa = PBXProject;
			attributes = {
				BuildIndependentTargetsInParallel = 1;
				LastSwiftUpdateCheck = 1620;
				LastUpgradeCheck = 1620;
				TargetAttributes = {
					242DC6BA2D1833B700A2DF71 = {
						CreatedOnToolsVersion = 16.2;
					};
					242DC6CA2D1833B800A2DF71 = {
						CreatedOnToolsVersion = 16.2;
						TestTargetID = 242DC6BA2D1833B700A2DF71;
					};
					242DC6D42D1833B800A2DF71 = {
						CreatedOnToolsVersion = 16.2;
						TestTargetID = 242DC6BA2D1833B700A2DF71;
					};
				};
			};
			buildConfigurationList = 242DC6B62D1833B700A2DF71 /* Build configuration list for PBXProject "DataTest" */;
			developmentRegion = en;
			hasScannedForEncodings = 0;
			knownRegions = (
				en,
				Base,
			);
			mainGroup = 242DC6B22D1833B700A2DF71;
			minimizedProjectReferenceProxies = 1;
			packageReferences = (
				242DC6F92D185E4F00A2DF71 /* XCLocalSwiftPackageReference "DataProvider" */,
			);
			preferredProjectObjectVersion = 77;
			productRefGroup = 242DC6BC2D1833B700A2DF71 /* Products */;
			projectDirPath = "";
			projectRoot = "";
			targets = (
				242DC6BA2D1833B700A2DF71 /* DataTest */,
				242DC6CA2D1833B800A2DF71 /* DataTestTests */,
				242DC6D42D1833B800A2DF71 /* DataTestUITests */,
			);
		};
/* End PBXProject section */

/* Begin PBXResourcesBuildPhase section */
		242DC6B92D1833B700A2DF71 /* Resources */ = {
			isa = PBXResourcesBuildPhase;
			buildActionMask = 2147483647;
			files = (
				242DC6F22D18342B00A2DF71 /* DataProvider in Resources */,
			);
			runOnlyForDeploymentPostprocessing = 0;
		};
		242DC6C92D1833B800A2DF71 /* Resources */ = {
			isa = PBXResourcesBuildPhase;
			buildActionMask = 2147483647;
			files = (
			);
			runOnlyForDeploymentPostprocessing = 0;
		};
		242DC6D32D1833B800A2DF71 /* Resources */ = {
			isa = PBXResourcesBuildPhase;
			buildActionMask = 2147483647;
			files = (
			);
			runOnlyForDeploymentPostprocessing = 0;
		};
/* End PBXResourcesBuildPhase section */

/* Begin PBXSourcesBuildPhase section */
		242DC6B72D1833B700A2DF71 /* Sources */ = {
			isa = PBXSourcesBuildPhase;
			buildActionMask = 2147483647;
			files = (
			);
			runOnlyForDeploymentPostprocessing = 0;
		};
		242DC6C72D1833B800A2DF71 /* Sources */ = {
			isa = PBXSourcesBuildPhase;
			buildActionMask = 2147483647;
			files = (
			);
			runOnlyForDeploymentPostprocessing = 0;
		};
		242DC6D12D1833B800A2DF71 /* Sources */ = {
			isa = PBXSourcesBuildPhase;
			buildActionMask = 2147483647;
			files = (
			);
			runOnlyForDeploymentPostprocessing = 0;
		};
/* End PBXSourcesBuildPhase section */

/* Begin PBXTargetDependency section */
		242DC6CD2D1833B800A2DF71 /* PBXTargetDependency */ = {
			isa = PBXTargetDependency;
			target = 242DC6BA2D1833B700A2DF71 /* DataTest */;
			targetProxy = 242DC6CC2D1833B800A2DF71 /* PBXContainerItemProxy */;
		};
		242DC6D72D1833B800A2DF71 /* PBXTargetDependency */ = {
			isa = PBXTargetDependency;
			target = 242DC6BA2D1833B700A2DF71 /* DataTest */;
			targetProxy = 242DC6D62D1833B800A2DF71 /* PBXContainerItemProxy */;
		};
/* End PBXTargetDependency section */

/* Begin XCBuildConfiguration section */
		242DC6DD2D1833B800A2DF71 /* Debug */ = {
			isa = XCBuildConfiguration;
			buildSettings = {
				ALWAYS_SEARCH_USER_PATHS = NO;
				ASSETCATALOG_COMPILER_GENERATE_SWIFT_ASSET_SYMBOL_EXTENSIONS = YES;
				CLANG_ANALYZER_NONNULL = YES;
				CLANG_ANALYZER_NUMBER_OBJECT_CONVERSION = YES_AGGRESSIVE;
				CLANG_CXX_LANGUAGE_STANDARD = "gnu++20";
				CLANG_ENABLE_MODULES = YES;
				CLANG_ENABLE_OBJC_ARC = YES;
				CLANG_ENABLE_OBJC_WEAK = YES;
				CLANG_WARN_BLOCK_CAPTURE_AUTORELEASING = YES;
				CLANG_WARN_BOOL_CONVERSION = YES;
				CLANG_WARN_COMMA = YES;
				CLANG_WARN_CONSTANT_CONVERSION = YES;
				CLANG_WARN_DEPRECATED_OBJC_IMPLEMENTATIONS = YES;
				CLANG_WARN_DIRECT_OBJC_ISA_USAGE = YES_ERROR;
				CLANG_WARN_DOCUMENTATION_COMMENTS = YES;
				CLANG_WARN_EMPTY_BODY = YES;
				CLANG_WARN_ENUM_CONVERSION = YES;
				CLANG_WARN_INFINITE_RECURSION = YES;
				CLANG_WARN_INT_CONVERSION = YES;
				CLANG_WARN_NON_LITERAL_NULL_CONVERSION = YES;
				CLANG_WARN_OBJC_IMPLICIT_RETAIN_SELF = YES;
				CLANG_WARN_OBJC_LITERAL_CONVERSION = YES;
				CLANG_WARN_OBJC_ROOT_CLASS = YES_ERROR;
				CLANG_WARN_QUOTED_INCLUDE_IN_FRAMEWORK_HEADER = YES;
				CLANG_WARN_RANGE_LOOP_ANALYSIS = YES;
				CLANG_WARN_STRICT_PROTOTYPES = YES;
				CLANG_WARN_SUSPICIOUS_MOVE = YES;
				CLANG_WARN_UNGUARDED_AVAILABILITY = YES_AGGRESSIVE;
				CLANG_WARN_UNREACHABLE_CODE = YES;
				CLANG_WARN__DUPLICATE_METHOD_MATCH = YES;
				COPY_PHASE_STRIP = NO;
				DEBUG_INFORMATION_FORMAT = dwarf;
				ENABLE_STRICT_OBJC_MSGSEND = YES;
				ENABLE_TESTABILITY = YES;
				ENABLE_USER_SCRIPT_SANDBOXING = YES;
				GCC_C_LANGUAGE_STANDARD = gnu17;
				GCC_DYNAMIC_NO_PIC = NO;
				GCC_NO_COMMON_BLOCKS = YES;
				GCC_OPTIMIZATION_LEVEL = 0;
				GCC_PREPROCESSOR_DEFINITIONS = (
					"DEBUG=1",
					"$(inherited)",
				);
				GCC_WARN_64_TO_32_BIT_CONVERSION = YES;
				GCC_WARN_ABOUT_RETURN_TYPE = YES_ERROR;
				GCC_WARN_UNDECLARED_SELECTOR = YES;
				GCC_WARN_UNINITIALIZED_AUTOS = YES_AGGRESSIVE;
				GCC_WARN_UNUSED_FUNCTION = YES;
				GCC_WARN_UNUSED_VARIABLE = YES;
				IPHONEOS_DEPLOYMENT_TARGET = 18.2;
				LOCALIZATION_PREFERS_STRING_CATALOGS = YES;
				MTL_ENABLE_DEBUG_INFO = INCLUDE_SOURCE;
				MTL_FAST_MATH = YES;
				ONLY_ACTIVE_ARCH = YES;
				SDKROOT = iphoneos;
				SWIFT_ACTIVE_COMPILATION_CONDITIONS = "DEBUG $(inherited)";
				SWIFT_OPTIMIZATION_LEVEL = "-Onone";
			};
			name = Debug;
		};
		242DC6DE2D1833B800A2DF71 /* Release */ = {
			isa = XCBuildConfiguration;
			buildSettings = {
				ALWAYS_SEARCH_USER_PATHS = NO;
				ASSETCATALOG_COMPILER_GENERATE_SWIFT_ASSET_SYMBOL_EXTENSIONS = YES;
				CLANG_ANALYZER_NONNULL = YES;
				CLANG_ANALYZER_NUMBER_OBJECT_CONVERSION = YES_AGGRESSIVE;
				CLANG_CXX_LANGUAGE_STANDARD = "gnu++20";
				CLANG_ENABLE_MODULES = YES;
				CLANG_ENABLE_OBJC_ARC = YES;
				CLANG_ENABLE_OBJC_WEAK = YES;
				CLANG_WARN_BLOCK_CAPTURE_AUTORELEASING = YES;
				CLANG_WARN_BOOL_CONVERSION = YES;
				CLANG_WARN_COMMA = YES;
				CLANG_WARN_CONSTANT_CONVERSION = YES;
				CLANG_WARN_DEPRECATED_OBJC_IMPLEMENTATIONS = YES;
				CLANG_WARN_DIRECT_OBJC_ISA_USAGE = YES_ERROR;
				CLANG_WARN_DOCUMENTATION_COMMENTS = YES;
				CLANG_WARN_EMPTY_BODY = YES;
				CLANG_WARN_ENUM_CONVERSION = YES;
				CLANG_WARN_INFINITE_RECURSION = YES;
				CLANG_WARN_INT_CONVERSION = YES;
				CLANG_WARN_NON_LITERAL_NULL_CONVERSION = YES;
				CLANG_WARN_OBJC_IMPLICIT_RETAIN_SELF = YES;
				CLANG_WARN_OBJC_LITERAL_CONVERSION = YES;
				CLANG_WARN_OBJC_ROOT_CLASS = YES_ERROR;
				CLANG_WARN_QUOTED_INCLUDE_IN_FRAMEWORK_HEADER = YES;
				CLANG_WARN_RANGE_LOOP_ANALYSIS = YES;
				CLANG_WARN_STRICT_PROTOTYPES = YES;
				CLANG_WARN_SUSPICIOUS_MOVE = YES;
				CLANG_WARN_UNGUARDED_AVAILABILITY = YES_AGGRESSIVE;
				CLANG_WARN_UNREACHABLE_CODE = YES;
				CLANG_WARN__DUPLICATE_METHOD_MATCH = YES;
				COPY_PHASE_STRIP = NO;
				DEBUG_INFORMATION_FORMAT = "dwarf-with-dsym";
				ENABLE_NS_ASSERTIONS = NO;
				ENABLE_STRICT_OBJC_MSGSEND = YES;
				ENABLE_USER_SCRIPT_SANDBOXING = YES;
				GCC_C_LANGUAGE_STANDARD = gnu17;
				GCC_NO_COMMON_BLOCKS = YES;
				GCC_WARN_64_TO_32_BIT_CONVERSION = YES;
				GCC_WARN_ABOUT_RETURN_TYPE = YES_ERROR;
				GCC_WARN_UNDECLARED_SELECTOR = YES;
				GCC_WARN_UNINITIALIZED_AUTOS = YES_AGGRESSIVE;
				GCC_WARN_UNUSED_FUNCTION = YES;
				GCC_WARN_UNUSED_VARIABLE = YES;
				IPHONEOS_DEPLOYMENT_TARGET = 18.2;
				LOCALIZATION_PREFERS_STRING_CATALOGS = YES;
				MTL_ENABLE_DEBUG_INFO = NO;
				MTL_FAST_MATH = YES;
				SDKROOT = iphoneos;
				SWIFT_COMPILATION_MODE = wholemodule;
				VALIDATE_PRODUCT = YES;
			};
			name = Release;
		};
		242DC6E02D1833B800A2DF71 /* Debug */ = {
			isa = XCBuildConfiguration;
			buildSettings = {
				ASSETCATALOG_COMPILER_APPICON_NAME = AppIcon;
				ASSETCATALOG_COMPILER_GLOBAL_ACCENT_COLOR_NAME = AccentColor;
				CODE_SIGN_STYLE = Automatic;
				CURRENT_PROJECT_VERSION = 1;
				DEVELOPMENT_ASSET_PATHS = "\"DataTest/Preview Content\"";
				ENABLE_PREVIEWS = YES;
				GENERATE_INFOPLIST_FILE = YES;
				INFOPLIST_KEY_UIApplicationSceneManifest_Generation = YES;
				INFOPLIST_KEY_UIApplicationSupportsIndirectInputEvents = YES;
				INFOPLIST_KEY_UILaunchScreen_Generation = YES;
				INFOPLIST_KEY_UISupportedInterfaceOrientations_iPad = "UIInterfaceOrientationPortrait UIInterfaceOrientationPortraitUpsideDown UIInterfaceOrientationLandscapeLeft UIInterfaceOrientationLandscapeRight";
				INFOPLIST_KEY_UISupportedInterfaceOrientations_iPhone = "UIInterfaceOrientationPortrait UIInterfaceOrientationLandscapeLeft UIInterfaceOrientationLandscapeRight";
				LD_RUNPATH_SEARCH_PATHS = (
					"$(inherited)",
					"@executable_path/Frameworks",
				);
				MARKETING_VERSION = 1.0;
				PRODUCT_BUNDLE_IDENTIFIER = com.example.test.DataTest;
				PRODUCT_NAME = "$(TARGET_NAME)";
				SWIFT_EMIT_LOC_STRINGS = YES;
				SWIFT_VERSION = 5.0;
				TARGETED_DEVICE_FAMILY = "1,2";
			};
			name = Debug;
		};
		242DC6E12D1833B800A2DF71 /* Release */ = {
			isa = XCBuildConfiguration;
			buildSettings = {
				ASSETCATALOG_COMPILER_APPICON_NAME = AppIcon;
				ASSETCATALOG_COMPILER_GLOBAL_ACCENT_COLOR_NAME = AccentColor;
				CODE_SIGN_STYLE = Automatic;
				CURRENT_PROJECT_VERSION = 1;
				DEVELOPMENT_ASSET_PATHS = "\"DataTest/Preview Content\"";
				ENABLE_PREVIEWS = YES;
				GENERATE_INFOPLIST_FILE = YES;
				INFOPLIST_KEY_UIApplicationSceneManifest_Generation = YES;
				INFOPLIST_KEY_UIApplicationSupportsIndirectInputEvents = YES;
				INFOPLIST_KEY_UILaunchScreen_Generation = YES;
				INFOPLIST_KEY_UISupportedInterfaceOrientations_iPad = "UIInterfaceOrientationPortrait UIInterfaceOrientationPortraitUpsideDown UIInterfaceOrientationLandscapeLeft UIInterfaceOrientationLandscapeRight";
				INFOPLIST_KEY_UISupportedInterfaceOrientations_iPhone = "UIInterfaceOrientationPortrait UIInterfaceOrientationLandscapeLeft UIInterfaceOrientationLandscapeRight";
				LD_RUNPATH_SEARCH_PATHS = (
					"$(inherited)",
					"@executable_path/Frameworks",
				);
				MARKETING_VERSION = 1.0;
				PRODUCT_BUNDLE_IDENTIFIER = com.example.test.DataTest;
				PRODUCT_NAME = "$(TARGET_NAME)";
				SWIFT_EMIT_LOC_STRINGS = YES;
				SWIFT_VERSION = 5.0;
				TARGETED_DEVICE_FAMILY = "1,2";
			};
			name = Release;
		};
		242DC6E32D1833B800A2DF71 /* Debug */ = {
			isa = XCBuildConfiguration;
			buildSettings = {
				BUNDLE_LOADER = "$(TEST_HOST)";
				CODE_SIGN_STYLE = Automatic;
				CURRENT_PROJECT_VERSION = 1;
				GENERATE_INFOPLIST_FILE = YES;
				IPHONEOS_DEPLOYMENT_TARGET = 18.2;
				MARKETING_VERSION = 1.0;
				PRODUCT_BUNDLE_IDENTIFIER = com.example.test.DataTestTests;
				PRODUCT_NAME = "$(TARGET_NAME)";
				SWIFT_EMIT_LOC_STRINGS = NO;
				SWIFT_VERSION = 5.0;
				TARGETED_DEVICE_FAMILY = "1,2";
				TEST_HOST = "$(BUILT_PRODUCTS_DIR)/DataTest.app/$(BUNDLE_EXECUTABLE_FOLDER_PATH)/DataTest";
			};
			name = Debug;
		};
		242DC6E42D1833B800A2DF71 /* Release */ = {
			isa = XCBuildConfiguration;
			buildSettings = {
				BUNDLE_LOADER = "$(TEST_HOST)";
				CODE_SIGN_STYLE = Automatic;
				CURRENT_PROJECT_VERSION = 1;
				GENERATE_INFOPLIST_FILE = YES;
				IPHONEOS_DEPLOYMENT_TARGET = 18.2;
				MARKETING_VERSION = 1.0;
				PRODUCT_BUNDLE_IDENTIFIER = com.example.test.DataTestTests;
				PRODUCT_NAME = "$(TARGET_NAME)";
				SWIFT_EMIT_LOC_STRINGS = NO;
				SWIFT_VERSION = 5.0;
				TARGETED_DEVICE_FAMILY = "1,2";
				TEST_HOST = "$(BUILT_PRODUCTS_DIR)/DataTest.app/$(BUNDLE_EXECUTABLE_FOLDER_PATH)/DataTest";
			};
			name = Release;
		};
		242DC6E62D1833B800A2DF71 /* Debug */ = {
			isa = XCBuildConfiguration;
			buildSettings = {
				CODE_SIGN_STYLE = Automatic;
				CURRENT_PROJECT_VERSION = 1;
				GENERATE_INFOPLIST_FILE = YES;
				MARKETING_VERSION = 1.0;
				PRODUCT_BUNDLE_IDENTIFIER = com.example.test.DataTestUITests;
				PRODUCT_NAME = "$(TARGET_NAME)";
				SWIFT_EMIT_LOC_STRINGS = NO;
				SWIFT_VERSION = 5.0;
				TARGETED_DEVICE_FAMILY = "1,2";
				TEST_TARGET_NAME = DataTest;
			};
			name = Debug;
		};
		242DC6E72D1833B800A2DF71 /* Release */ = {
			isa = XCBuildConfiguration;
			buildSettings = {
				CODE_SIGN_STYLE = Automatic;
				CURRENT_PROJECT_VERSION = 1;
				GENERATE_INFOPLIST_FILE = YES;
				MARKETING_VERSION = 1.0;
				PRODUCT_BUNDLE_IDENTIFIER = com.example.test.DataTestUITests;
				PRODUCT_NAME = "$(TARGET_NAME)";
				SWIFT_EMIT_LOC_STRINGS = NO;
				SWIFT_VERSION = 5.0;
				TARGETED_DEVICE_FAMILY = "1,2";
				TEST_TARGET_NAME = DataTest;
			};
			name = Release;
		};
/* End XCBuildConfiguration section */

/* Begin XCConfigurationList section */
		242DC6B62D1833B700A2DF71 /* Build configuration list for PBXProject "DataTest" */ = {
			isa = XCConfigurationList;
			buildConfigurations = (
				242DC6DD2D1833B800A2DF71 /* Debug */,
				242DC6DE2D1833B800A2DF71 /* Release */,
			);
			defaultConfigurationIsVisible = 0;
			defaultConfigurationName = Release;
		};
		242DC6DF2D1833B800A2DF71 /* Build configuration list for PBXNativeTarget "DataTest" */ = {
			isa = XCConfigurationList;
			buildConfigurations = (
				242DC6E02D1833B800A2DF71 /* Debug */,
				242DC6E12D1833B800A2DF71 /* Release */,
			);
			defaultConfigurationIsVisible = 0;
			defaultConfigurationName = Release;
		};
		242DC6E22D1833B800A2DF71 /* Build configuration list for PBXNativeTarget "DataTestTests" */ = {
			isa = XCConfigurationList;
			buildConfigurations = (
				242DC6E32D1833B800A2DF71 /* Debug */,
				242DC6E42D1833B800A2DF71 /* Release */,
			);
			defaultConfigurationIsVisible = 0;
			defaultConfigurationName = Release;
		};
		242DC6E52D1833B800A2DF71 /* Build configuration list for PBXNativeTarget "DataTestUITests" */ = {
			isa = XCConfigurationList;
			buildConfigurations = (
				242DC6E62D1833B800A2DF71 /* Debug */,
				242DC6E72D1833B800A2DF71 /* Release */,
			);
			defaultConfigurationIsVisible = 0;
			defaultConfigurationName = Release;
		};
/* End XCConfigurationList section */

/* Begin XCLocalSwiftPackageReference section */
		242DC6F92D185E4F00A2DF71 /* XCLocalSwiftPackageReference "DataProvider" */ = {
			isa = XCLocalSwiftPackageReference;
			relativePath = DataProvider;
		};
/* End XCLocalSwiftPackageReference section */

/* Begin XCSwiftPackageProductDependency section */
		2427D91C2D192EEA00E34C22 /* DataProvider */ = {
			isa = XCSwiftPackageProductDependency;
			productName = DataProvider;
		};
/* End XCSwiftPackageProductDependency section */
	};
	rootObject = 242DC6B32D1833B700A2DF71 /* Project object */;
}
