// !$*UTF8*$!
{
	archiveVersion = 1;
	classes = {
	};
	objectVersion = 77;
	objects = {

/* Begin PBXBuildFile section */
		24A039F92D19D071001F4FA3 /* Alamofire.framework in Frameworks */ = {isa = PBXBuildFile; fileRef = 24A039F82D19D071001F4FA3 /* Alamofire.framework */; };
		6186773943E73529F387BE18 /* Pods_FindMe.framework in Frameworks */ = {isa = PBXBuildFile; fileRef = 92DCBBBF7B7E7E92D983EFEC /* Pods_FindMe.framework */; };
		6F468434A241CECC78A389E8 /* Pods_FindMeTests.framework in Frameworks */ = {isa = PBXBuildFile; fileRef = F7BA21EC0A4941C0644C3ED0 /* Pods_FindMeTests.framework */; };
		A648B055BDC0B5A85B876DA0 /* Pods_FindMe_FindMeUITests.framework in Frameworks */ = {isa = PBXBuildFile; fileRef = 5DF4EB7CF8EDA11DCB5AD753 /* Pods_FindMe_FindMeUITests.framework */; };
/* End PBXBuildFile section */

/* Begin PBXContainerItemProxy section */
		2443A06C2D01E991007908D1 /* PBXContainerItemProxy */ = {
			isa = PBXContainerItemProxy;
			containerPortal = 2443A0532D01E990007908D1 /* Project object */;
			proxyType = 1;
			remoteGlobalIDString = 2443A05A2D01E990007908D1;
			remoteInfo = FindMe;
		};
		2443A0762D01E991007908D1 /* PBXContainerItemProxy */ = {
			isa = PBXContainerItemProxy;
			containerPortal = 2443A0532D01E990007908D1 /* Project object */;
			proxyType = 1;
			remoteGlobalIDString = 2443A05A2D01E990007908D1;
			remoteInfo = FindMe;
		};
/* End PBXContainerItemProxy section */

/* Begin PBXFileReference section */
		0713452378E8B2B51AC8DE0C /* Pods-FindMe.debug.xcconfig */ = {isa = PBXFileReference; includeInIndex = 1; lastKnownFileType = text.xcconfig; name = "Pods-FindMe.debug.xcconfig"; path = "Target Support Files/Pods-FindMe/Pods-FindMe.debug.xcconfig"; sourceTree = "<group>"; };
		09F77403010502C4F084040C /* Pods-FindMeTests.debug.xcconfig */ = {isa = PBXFileReference; includeInIndex = 1; lastKnownFileType = text.xcconfig; name = "Pods-FindMeTests.debug.xcconfig"; path = "Target Support Files/Pods-FindMeTests/Pods-FindMeTests.debug.xcconfig"; sourceTree = "<group>"; };
		115532A8A1F98F6A1A131385 /* Pods-FindMe-FindMeUITests.release.xcconfig */ = {isa = PBXFileReference; includeInIndex = 1; lastKnownFileType = text.xcconfig; name = "Pods-FindMe-FindMeUITests.release.xcconfig"; path = "Target Support Files/Pods-FindMe-FindMeUITests/Pods-FindMe-FindMeUITests.release.xcconfig"; sourceTree = "<group>"; };
		2443A05B2D01E990007908D1 /* FindMe.app */ = {isa = PBXFileReference; explicitFileType = wrapper.application; includeInIndex = 0; path = FindMe.app; sourceTree = BUILT_PRODUCTS_DIR; };
		2443A06B2D01E991007908D1 /* FindMeTests.xctest */ = {isa = PBXFileReference; explicitFileType = wrapper.cfbundle; includeInIndex = 0; path = FindMeTests.xctest; sourceTree = BUILT_PRODUCTS_DIR; };
		2443A0752D01E991007908D1 /* FindMeUITests.xctest */ = {isa = PBXFileReference; explicitFileType = wrapper.cfbundle; includeInIndex = 0; path = FindMeUITests.xctest; sourceTree = BUILT_PRODUCTS_DIR; };
		24A039F82D19D071001F4FA3 /* Alamofire.framework */ = {isa = PBXFileReference; explicitFileType = wrapper.framework; path = Alamofire.framework; sourceTree = BUILT_PRODUCTS_DIR; };
		403C361DE013D1E7C2BA2F8F /* Pods-FindMeTests.release.xcconfig */ = {isa = PBXFileReference; includeInIndex = 1; lastKnownFileType = text.xcconfig; name = "Pods-FindMeTests.release.xcconfig"; path = "Target Support Files/Pods-FindMeTests/Pods-FindMeTests.release.xcconfig"; sourceTree = "<group>"; };
		4E3B09ACBC6ECCCD846D4048 /* Pods-FindMe.release.xcconfig */ = {isa = PBXFileReference; includeInIndex = 1; lastKnownFileType = text.xcconfig; name = "Pods-FindMe.release.xcconfig"; path = "Target Support Files/Pods-FindMe/Pods-FindMe.release.xcconfig"; sourceTree = "<group>"; };
		5DF4EB7CF8EDA11DCB5AD753 /* Pods_FindMe_FindMeUITests.framework */ = {isa = PBXFileReference; explicitFileType = wrapper.framework; includeInIndex = 0; path = Pods_FindMe_FindMeUITests.framework; sourceTree = BUILT_PRODUCTS_DIR; };
		92DCBBBF7B7E7E92D983EFEC /* Pods_FindMe.framework */ = {isa = PBXFileReference; explicitFileType = wrapper.framework; includeInIndex = 0; path = Pods_FindMe.framework; sourceTree = BUILT_PRODUCTS_DIR; };
		F7BA21EC0A4941C0644C3ED0 /* Pods_FindMeTests.framework */ = {isa = PBXFileReference; explicitFileType = wrapper.framework; includeInIndex = 0; path = Pods_FindMeTests.framework; sourceTree = BUILT_PRODUCTS_DIR; };
		FFBDC29C3ECE6A0012FEFD06 /* Pods-FindMe-FindMeUITests.debug.xcconfig */ = {isa = PBXFileReference; includeInIndex = 1; lastKnownFileType = text.xcconfig; name = "Pods-FindMe-FindMeUITests.debug.xcconfig"; path = "Target Support Files/Pods-FindMe-FindMeUITests/Pods-FindMe-FindMeUITests.debug.xcconfig"; sourceTree = "<group>"; };
/* End PBXFileReference section */

/* Begin PBXFileSystemSynchronizedBuildFileExceptionSet section */
		24A72AEA2D196858004487F0 /* Exceptions for "FindMe" folder in "FindMe" target */ = {
			isa = PBXFileSystemSynchronizedBuildFileExceptionSet;
			membershipExceptions = (
				info.plist,
			);
			target = 2443A05A2D01E990007908D1 /* FindMe */;
		};
/* End PBXFileSystemSynchronizedBuildFileExceptionSet section */

/* Begin PBXFileSystemSynchronizedRootGroup section */
		2443A05D2D01E990007908D1 /* FindMe */ = {
			isa = PBXFileSystemSynchronizedRootGroup;
			exceptions = (
				24A72AEA2D196858004487F0 /* Exceptions for "FindMe" folder in "FindMe" target */,
			);
			path = FindMe;
			sourceTree = "<group>";
		};
		2443A06E2D01E991007908D1 /* FindMeTests */ = {
			isa = PBXFileSystemSynchronizedRootGroup;
			path = FindMeTests;
			sourceTree = "<group>";
		};
		2443A0782D01E991007908D1 /* FindMeUITests */ = {
			isa = PBXFileSystemSynchronizedRootGroup;
			path = FindMeUITests;
			sourceTree = "<group>";
		};
/* End PBXFileSystemSynchronizedRootGroup section */

/* Begin PBXFrameworksBuildPhase section */
		2443A0582D01E990007908D1 /* Frameworks */ = {
			isa = PBXFrameworksBuildPhase;
			buildActionMask = 2147483647;
			files = (
				24A039F92D19D071001F4FA3 /* Alamofire.framework in Frameworks */,
				6186773943E73529F387BE18 /* Pods_FindMe.framework in Frameworks */,
			);
			runOnlyForDeploymentPostprocessing = 0;
		};
		2443A0682D01E991007908D1 /* Frameworks */ = {
			isa = PBXFrameworksBuildPhase;
			buildActionMask = 2147483647;
			files = (
				6F468434A241CECC78A389E8 /* Pods_FindMeTests.framework in Frameworks */,
			);
			runOnlyForDeploymentPostprocessing = 0;
		};
		2443A0722D01E991007908D1 /* Frameworks */ = {
			isa = PBXFrameworksBuildPhase;
			buildActionMask = 2147483647;
			files = (
				A648B055BDC0B5A85B876DA0 /* Pods_FindMe_FindMeUITests.framework in Frameworks */,
			);
			runOnlyForDeploymentPostprocessing = 0;
		};
/* End PBXFrameworksBuildPhase section */

/* Begin PBXGroup section */
		2443A0522D01E990007908D1 = {
			isa = PBXGroup;
			children = (
				2443A05D2D01E990007908D1 /* FindMe */,
				2443A06E2D01E991007908D1 /* FindMeTests */,
				2443A0782D01E991007908D1 /* FindMeUITests */,
				2443A05C2D01E990007908D1 /* Products */,
				CD6312CBDF00FC1A6427FAB3 /* Pods */,
				79CB473DD57DB2DF9CD2B569 /* Frameworks */,
			);
			sourceTree = "<group>";
		};
		2443A05C2D01E990007908D1 /* Products */ = {
			isa = PBXGroup;
			children = (
				2443A05B2D01E990007908D1 /* FindMe.app */,
				2443A06B2D01E991007908D1 /* FindMeTests.xctest */,
				2443A0752D01E991007908D1 /* FindMeUITests.xctest */,
			);
			name = Products;
			sourceTree = "<group>";
		};
		79CB473DD57DB2DF9CD2B569 /* Frameworks */ = {
			isa = PBXGroup;
			children = (
				24A039F82D19D071001F4FA3 /* Alamofire.framework */,
				92DCBBBF7B7E7E92D983EFEC /* Pods_FindMe.framework */,
				5DF4EB7CF8EDA11DCB5AD753 /* Pods_FindMe_FindMeUITests.framework */,
				F7BA21EC0A4941C0644C3ED0 /* Pods_FindMeTests.framework */,
			);
			name = Frameworks;
			sourceTree = "<group>";
		};
		CD6312CBDF00FC1A6427FAB3 /* Pods */ = {
			isa = PBXGroup;
			children = (
				0713452378E8B2B51AC8DE0C /* Pods-FindMe.debug.xcconfig */,
				4E3B09ACBC6ECCCD846D4048 /* Pods-FindMe.release.xcconfig */,
				FFBDC29C3ECE6A0012FEFD06 /* Pods-FindMe-FindMeUITests.debug.xcconfig */,
				115532A8A1F98F6A1A131385 /* Pods-FindMe-FindMeUITests.release.xcconfig */,
				09F77403010502C4F084040C /* Pods-FindMeTests.debug.xcconfig */,
				403C361DE013D1E7C2BA2F8F /* Pods-FindMeTests.release.xcconfig */,
			);
			path = Pods;
			sourceTree = "<group>";
		};
/* End PBXGroup section */

/* Begin PBXNativeTarget section */
		2443A05A2D01E990007908D1 /* FindMe */ = {
			isa = PBXNativeTarget;
			buildConfigurationList = 2443A07F2D01E991007908D1 /* Build configuration list for PBXNativeTarget "FindMe" */;
			buildPhases = (
				A7A23A094C419783F3F5102D /* [CP] Check Pods Manifest.lock */,
				2443A0572D01E990007908D1 /* Sources */,
				2443A0582D01E990007908D1 /* Frameworks */,
				2443A0592D01E990007908D1 /* Resources */,
				558FD45D2EAA361812821AA3 /* [CP] Embed Pods Frameworks */,
			);
			buildRules = (
			);
			dependencies = (
			);
			fileSystemSynchronizedGroups = (
				2443A05D2D01E990007908D1 /* FindMe */,
			);
			name = FindMe;
			productName = FindMe;
			productReference = 2443A05B2D01E990007908D1 /* FindMe.app */;
			productType = "com.apple.product-type.application";
		};
		2443A06A2D01E991007908D1 /* FindMeTests */ = {
			isa = PBXNativeTarget;
			buildConfigurationList = 2443A0822D01E991007908D1 /* Build configuration list for PBXNativeTarget "FindMeTests" */;
			buildPhases = (
				4B981FDE782907025AC3A331 /* [CP] Check Pods Manifest.lock */,
				2443A0672D01E991007908D1 /* Sources */,
				2443A0682D01E991007908D1 /* Frameworks */,
				2443A0692D01E991007908D1 /* Resources */,
			);
			buildRules = (
			);
			dependencies = (
				2443A06D2D01E991007908D1 /* PBXTargetDependency */,
			);
			fileSystemSynchronizedGroups = (
				2443A06E2D01E991007908D1 /* FindMeTests */,
			);
			name = FindMeTests;
			productName = FindMeTests;
			productReference = 2443A06B2D01E991007908D1 /* FindMeTests.xctest */;
			productType = "com.apple.product-type.bundle.unit-test";
		};
		2443A0742D01E991007908D1 /* FindMeUITests */ = {
			isa = PBXNativeTarget;
			buildConfigurationList = 2443A0852D01E991007908D1 /* Build configuration list for PBXNativeTarget "FindMeUITests" */;
			buildPhases = (
				B59E8EDD288D1C2502C8ACA0 /* [CP] Check Pods Manifest.lock */,
				2443A0712D01E991007908D1 /* Sources */,
				2443A0722D01E991007908D1 /* Frameworks */,
				2443A0732D01E991007908D1 /* Resources */,
				C8A8F636062F40DEB028ADAC /* [CP] Embed Pods Frameworks */,
			);
			buildRules = (
			);
			dependencies = (
				2443A0772D01E991007908D1 /* PBXTargetDependency */,
			);
			fileSystemSynchronizedGroups = (
				2443A0782D01E991007908D1 /* FindMeUITests */,
			);
			name = FindMeUITests;
			productName = FindMeUITests;
			productReference = 2443A0752D01E991007908D1 /* FindMeUITests.xctest */;
			productType = "com.apple.product-type.bundle.ui-testing";
		};
/* End PBXNativeTarget section */

/* Begin PBXProject section */
		2443A0532D01E990007908D1 /* Project object */ = {
			isa = PBXProject;
			attributes = {
				BuildIndependentTargetsInParallel = 1;
				LastSwiftUpdateCheck = 1610;
				LastUpgradeCheck = 1620;
				TargetAttributes = {
					2443A05A2D01E990007908D1 = {
						CreatedOnToolsVersion = 16.1;
					};
					2443A06A2D01E991007908D1 = {
						CreatedOnToolsVersion = 16.1;
						TestTargetID = 2443A05A2D01E990007908D1;
					};
					2443A0742D01E991007908D1 = {
						CreatedOnToolsVersion = 16.1;
						TestTargetID = 2443A05A2D01E990007908D1;
					};
				};
			};
			buildConfigurationList = 2443A0562D01E990007908D1 /* Build configuration list for PBXProject "FindMe" */;
			developmentRegion = en;
			hasScannedForEncodings = 0;
			knownRegions = (
				en,
				Base,
			);
			mainGroup = 2443A0522D01E990007908D1;
			minimizedProjectReferenceProxies = 1;
			preferredProjectObjectVersion = 77;
			productRefGroup = 2443A05C2D01E990007908D1 /* Products */;
			projectDirPath = "";
			projectRoot = "";
			targets = (
				2443A05A2D01E990007908D1 /* FindMe */,
				2443A06A2D01E991007908D1 /* FindMeTests */,
				2443A0742D01E991007908D1 /* FindMeUITests */,
			);
		};
/* End PBXProject section */

/* Begin PBXResourcesBuildPhase section */
		2443A0592D01E990007908D1 /* Resources */ = {
			isa = PBXResourcesBuildPhase;
			buildActionMask = 2147483647;
			files = (
			);
			runOnlyForDeploymentPostprocessing = 0;
		};
		2443A0692D01E991007908D1 /* Resources */ = {
			isa = PBXResourcesBuildPhase;
			buildActionMask = 2147483647;
			files = (
			);
			runOnlyForDeploymentPostprocessing = 0;
		};
		2443A0732D01E991007908D1 /* Resources */ = {
			isa = PBXResourcesBuildPhase;
			buildActionMask = 2147483647;
			files = (
			);
			runOnlyForDeploymentPostprocessing = 0;
		};
/* End PBXResourcesBuildPhase section */

/* Begin PBXShellScriptBuildPhase section */
		4B981FDE782907025AC3A331 /* [CP] Check Pods Manifest.lock */ = {
			isa = PBXShellScriptBuildPhase;
			buildActionMask = 2147483647;
			files = (
			);
			inputFileListPaths = (
			);
			inputPaths = (
				"${PODS_PODFILE_DIR_PATH}/Podfile.lock",
				"${PODS_ROOT}/Manifest.lock",
			);
			name = "[CP] Check Pods Manifest.lock";
			outputFileListPaths = (
			);
			outputPaths = (
				"$(DERIVED_FILE_DIR)/Pods-FindMeTests-checkManifestLockResult.txt",
			);
			runOnlyForDeploymentPostprocessing = 0;
			shellPath = /bin/sh;
			shellScript = "diff \"${PODS_PODFILE_DIR_PATH}/Podfile.lock\" \"${PODS_ROOT}/Manifest.lock\" > /dev/null\nif [ $? != 0 ] ; then\n    # print error to STDERR\n    echo \"error: The sandbox is not in sync with the Podfile.lock. Run 'pod install' or update your CocoaPods installation.\" >&2\n    exit 1\nfi\n# This output is used by Xcode 'outputs' to avoid re-running this script phase.\necho \"SUCCESS\" > \"${SCRIPT_OUTPUT_FILE_0}\"\n";
			showEnvVarsInLog = 0;
		};
		558FD45D2EAA361812821AA3 /* [CP] Embed Pods Frameworks */ = {
			isa = PBXShellScriptBuildPhase;
			buildActionMask = 2147483647;
			files = (
			);
			inputFileListPaths = (
				"${PODS_ROOT}/Target Support Files/Pods-FindMe/Pods-FindMe-frameworks-${CONFIGURATION}-input-files.xcfilelist",
			);
			name = "[CP] Embed Pods Frameworks";
			outputFileListPaths = (
				"${PODS_ROOT}/Target Support Files/Pods-FindMe/Pods-FindMe-frameworks-${CONFIGURATION}-output-files.xcfilelist",
			);
			runOnlyForDeploymentPostprocessing = 0;
			shellPath = /bin/sh;
			shellScript = "\"${PODS_ROOT}/Target Support Files/Pods-FindMe/Pods-FindMe-frameworks.sh\"\n";
			showEnvVarsInLog = 0;
		};
		A7A23A094C419783F3F5102D /* [CP] Check Pods Manifest.lock */ = {
			isa = PBXShellScriptBuildPhase;
			buildActionMask = 2147483647;
			files = (
			);
			inputFileListPaths = (
			);
			inputPaths = (
				"${PODS_PODFILE_DIR_PATH}/Podfile.lock",
				"${PODS_ROOT}/Manifest.lock",
			);
			name = "[CP] Check Pods Manifest.lock";
			outputFileListPaths = (
			);
			outputPaths = (
				"$(DERIVED_FILE_DIR)/Pods-FindMe-checkManifestLockResult.txt",
			);
			runOnlyForDeploymentPostprocessing = 0;
			shellPath = /bin/sh;
			shellScript = "diff \"${PODS_PODFILE_DIR_PATH}/Podfile.lock\" \"${PODS_ROOT}/Manifest.lock\" > /dev/null\nif [ $? != 0 ] ; then\n    # print error to STDERR\n    echo \"error: The sandbox is not in sync with the Podfile.lock. Run 'pod install' or update your CocoaPods installation.\" >&2\n    exit 1\nfi\n# This output is used by Xcode 'outputs' to avoid re-running this script phase.\necho \"SUCCESS\" > \"${SCRIPT_OUTPUT_FILE_0}\"\n";
			showEnvVarsInLog = 0;
		};
		B59E8EDD288D1C2502C8ACA0 /* [CP] Check Pods Manifest.lock */ = {
			isa = PBXShellScriptBuildPhase;
			buildActionMask = 2147483647;
			files = (
			);
			inputFileListPaths = (
			);
			inputPaths = (
				"${PODS_PODFILE_DIR_PATH}/Podfile.lock",
				"${PODS_ROOT}/Manifest.lock",
			);
			name = "[CP] Check Pods Manifest.lock";
			outputFileListPaths = (
			);
			outputPaths = (
				"$(DERIVED_FILE_DIR)/Pods-FindMe-FindMeUITests-checkManifestLockResult.txt",
			);
			runOnlyForDeploymentPostprocessing = 0;
			shellPath = /bin/sh;
			shellScript = "diff \"${PODS_PODFILE_DIR_PATH}/Podfile.lock\" \"${PODS_ROOT}/Manifest.lock\" > /dev/null\nif [ $? != 0 ] ; then\n    # print error to STDERR\n    echo \"error: The sandbox is not in sync with the Podfile.lock. Run 'pod install' or update your CocoaPods installation.\" >&2\n    exit 1\nfi\n# This output is used by Xcode 'outputs' to avoid re-running this script phase.\necho \"SUCCESS\" > \"${SCRIPT_OUTPUT_FILE_0}\"\n";
			showEnvVarsInLog = 0;
		};
		C8A8F636062F40DEB028ADAC /* [CP] Embed Pods Frameworks */ = {
			isa = PBXShellScriptBuildPhase;
			buildActionMask = 2147483647;
			files = (
			);
			inputFileListPaths = (
				"${PODS_ROOT}/Target Support Files/Pods-FindMe-FindMeUITests/Pods-FindMe-FindMeUITests-frameworks-${CONFIGURATION}-input-files.xcfilelist",
			);
			name = "[CP] Embed Pods Frameworks";
			outputFileListPaths = (
				"${PODS_ROOT}/Target Support Files/Pods-FindMe-FindMeUITests/Pods-FindMe-FindMeUITests-frameworks-${CONFIGURATION}-output-files.xcfilelist",
			);
			runOnlyForDeploymentPostprocessing = 0;
			shellPath = /bin/sh;
			shellScript = "\"${PODS_ROOT}/Target Support Files/Pods-FindMe-FindMeUITests/Pods-FindMe-FindMeUITests-frameworks.sh\"\n";
			showEnvVarsInLog = 0;
		};
/* End PBXShellScriptBuildPhase section */

/* Begin PBXSourcesBuildPhase section */
		2443A0572D01E990007908D1 /* Sources */ = {
			isa = PBXSourcesBuildPhase;
			buildActionMask = 2147483647;
			files = (
			);
			runOnlyForDeploymentPostprocessing = 0;
		};
		2443A0672D01E991007908D1 /* Sources */ = {
			isa = PBXSourcesBuildPhase;
			buildActionMask = 2147483647;
			files = (
			);
			runOnlyForDeploymentPostprocessing = 0;
		};
		2443A0712D01E991007908D1 /* Sources */ = {
			isa = PBXSourcesBuildPhase;
			buildActionMask = 2147483647;
			files = (
			);
			runOnlyForDeploymentPostprocessing = 0;
		};
/* End PBXSourcesBuildPhase section */

/* Begin PBXTargetDependency section */
		2443A06D2D01E991007908D1 /* PBXTargetDependency */ = {
			isa = PBXTargetDependency;
			target = 2443A05A2D01E990007908D1 /* FindMe */;
			targetProxy = 2443A06C2D01E991007908D1 /* PBXContainerItemProxy */;
		};
		2443A0772D01E991007908D1 /* PBXTargetDependency */ = {
			isa = PBXTargetDependency;
			target = 2443A05A2D01E990007908D1 /* FindMe */;
			targetProxy = 2443A0762D01E991007908D1 /* PBXContainerItemProxy */;
		};
/* End PBXTargetDependency section */

/* Begin XCBuildConfiguration section */
		2443A07D2D01E991007908D1 /* Debug */ = {
			isa = XCBuildConfiguration;
			buildSettings = {
				ALWAYS_SEARCH_USER_PATHS = NO;
				ASSETCATALOG_COMPILER_GENERATE_SWIFT_ASSET_SYMBOL_EXTENSIONS = YES;
				CLANG_ANALYZER_NONNULL = YES;
				CLANG_ANALYZER_NUMBER_OBJECT_CONVERSION = YES_AGGRESSIVE;
				CLANG_CXX_LANGUAGE_STANDARD = "gnu++20";
				CLANG_ENABLE_MODULES = YES;
				CLANG_ENABLE_OBJC_ARC = YES;
				CLANG_ENABLE_OBJC_WEAK = YES;
				CLANG_WARN_BLOCK_CAPTURE_AUTORELEASING = YES;
				CLANG_WARN_BOOL_CONVERSION = YES;
				CLANG_WARN_COMMA = YES;
				CLANG_WARN_CONSTANT_CONVERSION = YES;
				CLANG_WARN_DEPRECATED_OBJC_IMPLEMENTATIONS = YES;
				CLANG_WARN_DIRECT_OBJC_ISA_USAGE = YES_ERROR;
				CLANG_WARN_DOCUMENTATION_COMMENTS = YES;
				CLANG_WARN_EMPTY_BODY = YES;
				CLANG_WARN_ENUM_CONVERSION = YES;
				CLANG_WARN_INFINITE_RECURSION = YES;
				CLANG_WARN_INT_CONVERSION = YES;
				CLANG_WARN_NON_LITERAL_NULL_CONVERSION = YES;
				CLANG_WARN_OBJC_IMPLICIT_RETAIN_SELF = YES;
				CLANG_WARN_OBJC_LITERAL_CONVERSION = YES;
				CLANG_WARN_OBJC_ROOT_CLASS = YES_ERROR;
				CLANG_WARN_QUOTED_INCLUDE_IN_FRAMEWORK_HEADER = YES;
				CLANG_WARN_RANGE_LOOP_ANALYSIS = YES;
				CLANG_WARN_STRICT_PROTOTYPES = YES;
				CLANG_WARN_SUSPICIOUS_MOVE = YES;
				CLANG_WARN_UNGUARDED_AVAILABILITY = YES_AGGRESSIVE;
				CLANG_WARN_UNREACHABLE_CODE = YES;
				CLANG_WARN__DUPLICATE_METHOD_MATCH = YES;
				COPY_PHASE_STRIP = NO;
				DEBUG_INFORMATION_FORMAT = dwarf;
				ENABLE_STRICT_OBJC_MSGSEND = YES;
				ENABLE_TESTABILITY = YES;
				ENABLE_USER_SCRIPT_SANDBOXING = YES;
				GCC_C_LANGUAGE_STANDARD = gnu17;
				GCC_DYNAMIC_NO_PIC = NO;
				GCC_NO_COMMON_BLOCKS = YES;
				GCC_OPTIMIZATION_LEVEL = 0;
				GCC_PREPROCESSOR_DEFINITIONS = (
					"DEBUG=1",
					"$(inherited)",
				);
				GCC_WARN_64_TO_32_BIT_CONVERSION = YES;
				GCC_WARN_ABOUT_RETURN_TYPE = YES_ERROR;
				GCC_WARN_UNDECLARED_SELECTOR = YES;
				GCC_WARN_UNINITIALIZED_AUTOS = YES_AGGRESSIVE;
				GCC_WARN_UNUSED_FUNCTION = YES;
				GCC_WARN_UNUSED_VARIABLE = YES;
				IPHONEOS_DEPLOYMENT_TARGET = 18.1;
				LOCALIZATION_PREFERS_STRING_CATALOGS = YES;
				MTL_ENABLE_DEBUG_INFO = INCLUDE_SOURCE;
				MTL_FAST_MATH = YES;
				ONLY_ACTIVE_ARCH = YES;
				SDKROOT = iphoneos;
				SWIFT_ACTIVE_COMPILATION_CONDITIONS = "DEBUG $(inherited)";
				SWIFT_OPTIMIZATION_LEVEL = "-Onone";
			};
			name = Debug;
		};
		2443A07E2D01E991007908D1 /* Release */ = {
			isa = XCBuildConfiguration;
			buildSettings = {
				ALWAYS_SEARCH_USER_PATHS = NO;
				ASSETCATALOG_COMPILER_GENERATE_SWIFT_ASSET_SYMBOL_EXTENSIONS = YES;
				CLANG_ANALYZER_NONNULL = YES;
				CLANG_ANALYZER_NUMBER_OBJECT_CONVERSION = YES_AGGRESSIVE;
				CLANG_CXX_LANGUAGE_STANDARD = "gnu++20";
				CLANG_ENABLE_MODULES = YES;
				CLANG_ENABLE_OBJC_ARC = YES;
				CLANG_ENABLE_OBJC_WEAK = YES;
				CLANG_WARN_BLOCK_CAPTURE_AUTORELEASING = YES;
				CLANG_WARN_BOOL_CONVERSION = YES;
				CLANG_WARN_COMMA = YES;
				CLANG_WARN_CONSTANT_CONVERSION = YES;
				CLANG_WARN_DEPRECATED_OBJC_IMPLEMENTATIONS = YES;
				CLANG_WARN_DIRECT_OBJC_ISA_USAGE = YES_ERROR;
				CLANG_WARN_DOCUMENTATION_COMMENTS = YES;
				CLANG_WARN_EMPTY_BODY = YES;
				CLANG_WARN_ENUM_CONVERSION = YES;
				CLANG_WARN_INFINITE_RECURSION = YES;
				CLANG_WARN_INT_CONVERSION = YES;
				CLANG_WARN_NON_LITERAL_NULL_CONVERSION = YES;
				CLANG_WARN_OBJC_IMPLICIT_RETAIN_SELF = YES;
				CLANG_WARN_OBJC_LITERAL_CONVERSION = YES;
				CLANG_WARN_OBJC_ROOT_CLASS = YES_ERROR;
				CLANG_WARN_QUOTED_INCLUDE_IN_FRAMEWORK_HEADER = YES;
				CLANG_WARN_RANGE_LOOP_ANALYSIS = YES;
				CLANG_WARN_STRICT_PROTOTYPES = YES;
				CLANG_WARN_SUSPICIOUS_MOVE = YES;
				CLANG_WARN_UNGUARDED_AVAILABILITY = YES_AGGRESSIVE;
				CLANG_WARN_UNREACHABLE_CODE = YES;
				CLANG_WARN__DUPLICATE_METHOD_MATCH = YES;
				COPY_PHASE_STRIP = NO;
				DEBUG_INFORMATION_FORMAT = "dwarf-with-dsym";
				ENABLE_NS_ASSERTIONS = NO;
				ENABLE_STRICT_OBJC_MSGSEND = YES;
				ENABLE_USER_SCRIPT_SANDBOXING = YES;
				GCC_C_LANGUAGE_STANDARD = gnu17;
				GCC_NO_COMMON_BLOCKS = YES;
				GCC_WARN_64_TO_32_BIT_CONVERSION = YES;
				GCC_WARN_ABOUT_RETURN_TYPE = YES_ERROR;
				GCC_WARN_UNDECLARED_SELECTOR = YES;
				GCC_WARN_UNINITIALIZED_AUTOS = YES_AGGRESSIVE;
				GCC_WARN_UNUSED_FUNCTION = YES;
				GCC_WARN_UNUSED_VARIABLE = YES;
				IPHONEOS_DEPLOYMENT_TARGET = 18.1;
				LOCALIZATION_PREFERS_STRING_CATALOGS = YES;
				MTL_ENABLE_DEBUG_INFO = NO;
				MTL_FAST_MATH = YES;
				SDKROOT = iphoneos;
				SWIFT_COMPILATION_MODE = wholemodule;
				VALIDATE_PRODUCT = YES;
			};
			name = Release;
		};
		2443A0802D01E991007908D1 /* Debug */ = {
			isa = XCBuildConfiguration;
			baseConfigurationReference = 0713452378E8B2B51AC8DE0C /* Pods-FindMe.debug.xcconfig */;
			buildSettings = {
				ASSETCATALOG_COMPILER_APPICON_NAME = AppIcon;
				ASSETCATALOG_COMPILER_GLOBAL_ACCENT_COLOR_NAME = AccentColor;
				CODE_SIGN_STYLE = Automatic;
				CURRENT_PROJECT_VERSION = 1;
				DEVELOPMENT_ASSET_PATHS = "\"FindMe/Preview Content\"";
				DEVELOPMENT_TEAM = 78FK4L7ZJ2;
				ENABLE_CODE_COVERAGE = NO;
				ENABLE_PREVIEWS = YES;
				ENABLE_USER_SCRIPT_SANDBOXING = NO;
				GENERATE_INFOPLIST_FILE = YES;
				INFOPLIST_FILE = FindMe/info.plist;
				INFOPLIST_KEY_UIApplicationSceneManifest_Generation = YES;
				INFOPLIST_KEY_UIApplicationSupportsIndirectInputEvents = YES;
				INFOPLIST_KEY_UILaunchScreen_Generation = YES;
				INFOPLIST_KEY_UISupportedInterfaceOrientations_iPad = "UIInterfaceOrientationPortrait UIInterfaceOrientationPortraitUpsideDown UIInterfaceOrientationLandscapeLeft UIInterfaceOrientationLandscapeRight";
				INFOPLIST_KEY_UISupportedInterfaceOrientations_iPhone = "UIInterfaceOrientationPortrait UIInterfaceOrientationLandscapeLeft UIInterfaceOrientationLandscapeRight";
				LD_RUNPATH_SEARCH_PATHS = (
					"$(inherited)",
					"@executable_path/Frameworks",
				);
				MARKETING_VERSION = 1.0;
				PRODUCT_BUNDLE_IDENTIFIER = com.example.test.FindMe;
				PRODUCT_NAME = "$(TARGET_NAME)";
				SWIFT_EMIT_LOC_STRINGS = YES;
				SWIFT_VERSION = 5.0;
				TARGETED_DEVICE_FAMILY = "1,2";
			};
			name = Debug;
		};
		2443A0812D01E991007908D1 /* Release */ = {
			isa = XCBuildConfiguration;
			baseConfigurationReference = 4E3B09ACBC6ECCCD846D4048 /* Pods-FindMe.release.xcconfig */;
			buildSettings = {
				ASSETCATALOG_COMPILER_APPICON_NAME = AppIcon;
				ASSETCATALOG_COMPILER_GLOBAL_ACCENT_COLOR_NAME = AccentColor;
				CODE_SIGN_STYLE = Automatic;
				CURRENT_PROJECT_VERSION = 1;
				DEVELOPMENT_ASSET_PATHS = "\"FindMe/Preview Content\"";
				DEVELOPMENT_TEAM = 78FK4L7ZJ2;
				ENABLE_CODE_COVERAGE = NO;
				ENABLE_PREVIEWS = YES;
				ENABLE_USER_SCRIPT_SANDBOXING = NO;
				GENERATE_INFOPLIST_FILE = YES;
				INFOPLIST_FILE = FindMe/info.plist;
				INFOPLIST_KEY_UIApplicationSceneManifest_Generation = YES;
				INFOPLIST_KEY_UIApplicationSupportsIndirectInputEvents = YES;
				INFOPLIST_KEY_UILaunchScreen_Generation = YES;
				INFOPLIST_KEY_UISupportedInterfaceOrientations_iPad = "UIInterfaceOrientationPortrait UIInterfaceOrientationPortraitUpsideDown UIInterfaceOrientationLandscapeLeft UIInterfaceOrientationLandscapeRight";
				INFOPLIST_KEY_UISupportedInterfaceOrientations_iPhone = "UIInterfaceOrientationPortrait UIInterfaceOrientationLandscapeLeft UIInterfaceOrientationLandscapeRight";
				LD_RUNPATH_SEARCH_PATHS = (
					"$(inherited)",
					"@executable_path/Frameworks",
				);
				MARKETING_VERSION = 1.0;
				PRODUCT_BUNDLE_IDENTIFIER = com.example.test.FindMe;
				PRODUCT_NAME = "$(TARGET_NAME)";
				SWIFT_EMIT_LOC_STRINGS = YES;
				SWIFT_VERSION = 5.0;
				TARGETED_DEVICE_FAMILY = "1,2";
			};
			name = Release;
		};
		2443A0832D01E991007908D1 /* Debug */ = {
			isa = XCBuildConfiguration;
			baseConfigurationReference = 09F77403010502C4F084040C /* Pods-FindMeTests.debug.xcconfig */;
			buildSettings = {
				BUNDLE_LOADER = "$(TEST_HOST)";
				CODE_SIGN_STYLE = Automatic;
				CURRENT_PROJECT_VERSION = 1;
				GENERATE_INFOPLIST_FILE = YES;
				IPHONEOS_DEPLOYMENT_TARGET = 18.1;
				MARKETING_VERSION = 1.0;
				PRODUCT_BUNDLE_IDENTIFIER = com.example.test.FindMeTests;
				PRODUCT_NAME = "$(TARGET_NAME)";
				SWIFT_EMIT_LOC_STRINGS = NO;
				SWIFT_VERSION = 5.0;
				TARGETED_DEVICE_FAMILY = "1,2";
				TEST_HOST = "$(BUILT_PRODUCTS_DIR)/FindMe.app/$(BUNDLE_EXECUTABLE_FOLDER_PATH)/FindMe";
			};
			name = Debug;
		};
		2443A0842D01E991007908D1 /* Release */ = {
			isa = XCBuildConfiguration;
			baseConfigurationReference = 403C361DE013D1E7C2BA2F8F /* Pods-FindMeTests.release.xcconfig */;
			buildSettings = {
				BUNDLE_LOADER = "$(TEST_HOST)";
				CODE_SIGN_STYLE = Automatic;
				CURRENT_PROJECT_VERSION = 1;
				GENERATE_INFOPLIST_FILE = YES;
				IPHONEOS_DEPLOYMENT_TARGET = 18.1;
				MARKETING_VERSION = 1.0;
				PRODUCT_BUNDLE_IDENTIFIER = com.example.test.FindMeTests;
				PRODUCT_NAME = "$(TARGET_NAME)";
				SWIFT_EMIT_LOC_STRINGS = NO;
				SWIFT_VERSION = 5.0;
				TARGETED_DEVICE_FAMILY = "1,2";
				TEST_HOST = "$(BUILT_PRODUCTS_DIR)/FindMe.app/$(BUNDLE_EXECUTABLE_FOLDER_PATH)/FindMe";
			};
			name = Release;
		};
		2443A0862D01E991007908D1 /* Debug */ = {
			isa = XCBuildConfiguration;
			baseConfigurationReference = FFBDC29C3ECE6A0012FEFD06 /* Pods-FindMe-FindMeUITests.debug.xcconfig */;
			buildSettings = {
				CODE_SIGN_STYLE = Automatic;
				CURRENT_PROJECT_VERSION = 1;
				GENERATE_INFOPLIST_FILE = YES;
				MARKETING_VERSION = 1.0;
				PRODUCT_BUNDLE_IDENTIFIER = com.example.test.FindMeUITests;
				PRODUCT_NAME = "$(TARGET_NAME)";
				SWIFT_EMIT_LOC_STRINGS = NO;
				SWIFT_VERSION = 5.0;
				TARGETED_DEVICE_FAMILY = "1,2";
				TEST_TARGET_NAME = FindMe;
			};
			name = Debug;
		};
		2443A0872D01E991007908D1 /* Release */ = {
			isa = XCBuildConfiguration;
			baseConfigurationReference = 115532A8A1F98F6A1A131385 /* Pods-FindMe-FindMeUITests.release.xcconfig */;
			buildSettings = {
				CODE_SIGN_STYLE = Automatic;
				CURRENT_PROJECT_VERSION = 1;
				GENERATE_INFOPLIST_FILE = YES;
				MARKETING_VERSION = 1.0;
				PRODUCT_BUNDLE_IDENTIFIER = com.example.test.FindMeUITests;
				PRODUCT_NAME = "$(TARGET_NAME)";
				SWIFT_EMIT_LOC_STRINGS = NO;
				SWIFT_VERSION = 5.0;
				TARGETED_DEVICE_FAMILY = "1,2";
				TEST_TARGET_NAME = FindMe;
			};
			name = Release;
		};
/* End XCBuildConfiguration section */

/* Begin XCConfigurationList section */
		2443A0562D01E990007908D1 /* Build configuration list for PBXProject "FindMe" */ = {
			isa = XCConfigurationList;
			buildConfigurations = (
				2443A07D2D01E991007908D1 /* Debug */,
				2443A07E2D01E991007908D1 /* Release */,
			);
			defaultConfigurationIsVisible = 0;
			defaultConfigurationName = Release;
		};
		2443A07F2D01E991007908D1 /* Build configuration list for PBXNativeTarget "FindMe" */ = {
			isa = XCConfigurationList;
			buildConfigurations = (
				2443A0802D01E991007908D1 /* Debug */,
				2443A0812D01E991007908D1 /* Release */,
			);
			defaultConfigurationIsVisible = 0;
			defaultConfigurationName = Release;
		};
		2443A0822D01E991007908D1 /* Build configuration list for PBXNativeTarget "FindMeTests" */ = {
			isa = XCConfigurationList;
			buildConfigurations = (
				2443A0832D01E991007908D1 /* Debug */,
				2443A0842D01E991007908D1 /* Release */,
			);
			defaultConfigurationIsVisible = 0;
			defaultConfigurationName = Release;
		};
		2443A0852D01E991007908D1 /* Build configuration list for PBXNativeTarget "FindMeUITests" */ = {
			isa = XCConfigurationList;
			buildConfigurations = (
				2443A0862D01E991007908D1 /* Debug */,
				2443A0872D01E991007908D1 /* Release */,
			);
			defaultConfigurationIsVisible = 0;
			defaultConfigurationName = Release;
		};
/* End XCConfigurationList section */
	};
	rootObject = 2443A0532D01E990007908D1 /* Project object */;
}
