// !$*UTF8*$!
{
	archiveVersion = 1;
	classes = {
	};
	objectVersion = 77;
	objects = {

/* Begin PBXContainerItemProxy section */
		24011F2E2CC9F1DA00AD2063 /* PBXContainerItemProxy */ = {
			isa = PBXContainerItemProxy;
			containerPortal = 24011F152CC9F1D900AD2063 /* Project object */;
			proxyType = 1;
			remoteGlobalIDString = 24011F1C2CC9F1D900AD2063;
			remoteInfo = 06Grids;
		};
		24011F382CC9F1DA00AD2063 /* PBXContainerItemProxy */ = {
			isa = PBXContainerItemProxy;
			containerPortal = 24011F152CC9F1D900AD2063 /* Project object */;
			proxyType = 1;
			remoteGlobalIDString = 24011F1C2CC9F1D900AD2063;
			remoteInfo = 06Grids;
		};
/* End PBXContainerItemProxy section */

/* Begin PBXFileReference section */
		24011F1D2CC9F1D900AD2063 /* 06Grids.app */ = {isa = PBXFileReference; explicitFileType = wrapper.application; includeInIndex = 0; path = 06Grids.app; sourceTree = BUILT_PRODUCTS_DIR; };
		24011F2D2CC9F1DA00AD2063 /* 06GridsTests.xctest */ = {isa = PBXFileReference; explicitFileType = wrapper.cfbundle; includeInIndex = 0; path = 06GridsTests.xctest; sourceTree = BUILT_PRODUCTS_DIR; };
		24011F372CC9F1DA00AD2063 /* 06GridsUITests.xctest */ = {isa = PBXFileReference; explicitFileType = wrapper.cfbundle; includeInIndex = 0; path = 06GridsUITests.xctest; sourceTree = BUILT_PRODUCTS_DIR; };
/* End PBXFileReference section */

/* Begin PBXFileSystemSynchronizedRootGroup section */
		24011F1F2CC9F1D900AD2063 /* 06Grids */ = {
			isa = PBXFileSystemSynchronizedRootGroup;
			path = 06Grids;
			sourceTree = "<group>";
		};
		24011F302CC9F1DA00AD2063 /* 06GridsTests */ = {
			isa = PBXFileSystemSynchronizedRootGroup;
			path = 06GridsTests;
			sourceTree = "<group>";
		};
		24011F3A2CC9F1DA00AD2063 /* 06GridsUITests */ = {
			isa = PBXFileSystemSynchronizedRootGroup;
			path = 06GridsUITests;
			sourceTree = "<group>";
		};
/* End PBXFileSystemSynchronizedRootGroup section */

/* Begin PBXFrameworksBuildPhase section */
		24011F1A2CC9F1D900AD2063 /* Frameworks */ = {
			isa = PBXFrameworksBuildPhase;
			buildActionMask = 2147483647;
			files = (
			);
			runOnlyForDeploymentPostprocessing = 0;
		};
		24011F2A2CC9F1DA00AD2063 /* Frameworks */ = {
			isa = PBXFrameworksBuildPhase;
			buildActionMask = 2147483647;
			files = (
			);
			runOnlyForDeploymentPostprocessing = 0;
		};
		24011F342CC9F1DA00AD2063 /* Frameworks */ = {
			isa = PBXFrameworksBuildPhase;
			buildActionMask = 2147483647;
			files = (
			);
			runOnlyForDeploymentPostprocessing = 0;
		};
/* End PBXFrameworksBuildPhase section */

/* Begin PBXGroup section */
		24011F142CC9F1D900AD2063 = {
			isa = PBXGroup;
			children = (
				24011F1F2CC9F1D900AD2063 /* 06Grids */,
				24011F302CC9F1DA00AD2063 /* 06GridsTests */,
				24011F3A2CC9F1DA00AD2063 /* 06GridsUITests */,
				24011F1E2CC9F1D900AD2063 /* Products */,
			);
			sourceTree = "<group>";
		};
		24011F1E2CC9F1D900AD2063 /* Products */ = {
			isa = PBXGroup;
			children = (
				24011F1D2CC9F1D900AD2063 /* 06Grids.app */,
				24011F2D2CC9F1DA00AD2063 /* 06GridsTests.xctest */,
				24011F372CC9F1DA00AD2063 /* 06GridsUITests.xctest */,
			);
			name = Products;
			sourceTree = "<group>";
		};
/* End PBXGroup section */

/* Begin PBXNativeTarget section */
		24011F1C2CC9F1D900AD2063 /* 06Grids */ = {
			isa = PBXNativeTarget;
			buildConfigurationList = 24011F412CC9F1DA00AD2063 /* Build configuration list for PBXNativeTarget "06Grids" */;
			buildPhases = (
				24011F192CC9F1D900AD2063 /* Sources */,
				24011F1A2CC9F1D900AD2063 /* Frameworks */,
				24011F1B2CC9F1D900AD2063 /* Resources */,
			);
			buildRules = (
			);
			dependencies = (
			);
			fileSystemSynchronizedGroups = (
				24011F1F2CC9F1D900AD2063 /* 06Grids */,
			);
			name = 06Grids;
			packageProductDependencies = (
			);
			productName = 06Grids;
			productReference = 24011F1D2CC9F1D900AD2063 /* 06Grids.app */;
			productType = "com.apple.product-type.application";
		};
		24011F2C2CC9F1DA00AD2063 /* 06GridsTests */ = {
			isa = PBXNativeTarget;
			buildConfigurationList = 24011F442CC9F1DA00AD2063 /* Build configuration list for PBXNativeTarget "06GridsTests" */;
			buildPhases = (
				24011F292CC9F1DA00AD2063 /* Sources */,
				24011F2A2CC9F1DA00AD2063 /* Frameworks */,
				24011F2B2CC9F1DA00AD2063 /* Resources */,
			);
			buildRules = (
			);
			dependencies = (
				24011F2F2CC9F1DA00AD2063 /* PBXTargetDependency */,
			);
			fileSystemSynchronizedGroups = (
				24011F302CC9F1DA00AD2063 /* 06GridsTests */,
			);
			name = 06GridsTests;
			packageProductDependencies = (
			);
			productName = 06GridsTests;
			productReference = 24011F2D2CC9F1DA00AD2063 /* 06GridsTests.xctest */;
			productType = "com.apple.product-type.bundle.unit-test";
		};
		24011F362CC9F1DA00AD2063 /* 06GridsUITests */ = {
			isa = PBXNativeTarget;
			buildConfigurationList = 24011F472CC9F1DA00AD2063 /* Build configuration list for PBXNativeTarget "06GridsUITests" */;
			buildPhases = (
				24011F332CC9F1DA00AD2063 /* Sources */,
				24011F342CC9F1DA00AD2063 /* Frameworks */,
				24011F352CC9F1DA00AD2063 /* Resources */,
			);
			buildRules = (
			);
			dependencies = (
				24011F392CC9F1DA00AD2063 /* PBXTargetDependency */,
			);
			fileSystemSynchronizedGroups = (
				24011F3A2CC9F1DA00AD2063 /* 06GridsUITests */,
			);
			name = 06GridsUITests;
			packageProductDependencies = (
			);
			productName = 06GridsUITests;
			productReference = 24011F372CC9F1DA00AD2063 /* 06GridsUITests.xctest */;
			productType = "com.apple.product-type.bundle.ui-testing";
		};
/* End PBXNativeTarget section */

/* Begin PBXProject section */
		24011F152CC9F1D900AD2063 /* Project object */ = {
			isa = PBXProject;
			attributes = {
				BuildIndependentTargetsInParallel = 1;
				LastSwiftUpdateCheck = 1600;
				LastUpgradeCheck = 1600;
				TargetAttributes = {
					24011F1C2CC9F1D900AD2063 = {
						CreatedOnToolsVersion = 16.0;
					};
					24011F2C2CC9F1DA00AD2063 = {
						CreatedOnToolsVersion = 16.0;
						TestTargetID = 24011F1C2CC9F1D900AD2063;
					};
					24011F362CC9F1DA00AD2063 = {
						CreatedOnToolsVersion = 16.0;
						TestTargetID = 24011F1C2CC9F1D900AD2063;
					};
				};
			};
			buildConfigurationList = 24011F182CC9F1D900AD2063 /* Build configuration list for PBXProject "06Grids" */;
			developmentRegion = en;
			hasScannedForEncodings = 0;
			knownRegions = (
				en,
				Base,
			);
			mainGroup = 24011F142CC9F1D900AD2063;
			minimizedProjectReferenceProxies = 1;
			preferredProjectObjectVersion = 77;
			productRefGroup = 24011F1E2CC9F1D900AD2063 /* Products */;
			projectDirPath = "";
			projectRoot = "";
			targets = (
				24011F1C2CC9F1D900AD2063 /* 06Grids */,
				24011F2C2CC9F1DA00AD2063 /* 06GridsTests */,
				24011F362CC9F1DA00AD2063 /* 06GridsUITests */,
			);
		};
/* End PBXProject section */

/* Begin PBXResourcesBuildPhase section */
		24011F1B2CC9F1D900AD2063 /* Resources */ = {
			isa = PBXResourcesBuildPhase;
			buildActionMask = 2147483647;
			files = (
			);
			runOnlyForDeploymentPostprocessing = 0;
		};
		24011F2B2CC9F1DA00AD2063 /* Resources */ = {
			isa = PBXResourcesBuildPhase;
			buildActionMask = 2147483647;
			files = (
			);
			runOnlyForDeploymentPostprocessing = 0;
		};
		24011F352CC9F1DA00AD2063 /* Resources */ = {
			isa = PBXResourcesBuildPhase;
			buildActionMask = 2147483647;
			files = (
			);
			runOnlyForDeploymentPostprocessing = 0;
		};
/* End PBXResourcesBuildPhase section */

/* Begin PBXSourcesBuildPhase section */
		24011F192CC9F1D900AD2063 /* Sources */ = {
			isa = PBXSourcesBuildPhase;
			buildActionMask = 2147483647;
			files = (
			);
			runOnlyForDeploymentPostprocessing = 0;
		};
		24011F292CC9F1DA00AD2063 /* Sources */ = {
			isa = PBXSourcesBuildPhase;
			buildActionMask = 2147483647;
			files = (
			);
			runOnlyForDeploymentPostprocessing = 0;
		};
		24011F332CC9F1DA00AD2063 /* Sources */ = {
			isa = PBXSourcesBuildPhase;
			buildActionMask = 2147483647;
			files = (
			);
			runOnlyForDeploymentPostprocessing = 0;
		};
/* End PBXSourcesBuildPhase section */

/* Begin PBXTargetDependency section */
		24011F2F2CC9F1DA00AD2063 /* PBXTargetDependency */ = {
			isa = PBXTargetDependency;
			target = 24011F1C2CC9F1D900AD2063 /* 06Grids */;
			targetProxy = 24011F2E2CC9F1DA00AD2063 /* PBXContainerItemProxy */;
		};
		24011F392CC9F1DA00AD2063 /* PBXTargetDependency */ = {
			isa = PBXTargetDependency;
			target = 24011F1C2CC9F1D900AD2063 /* 06Grids */;
			targetProxy = 24011F382CC9F1DA00AD2063 /* PBXContainerItemProxy */;
		};
/* End PBXTargetDependency section */

/* Begin XCBuildConfiguration section */
		24011F3F2CC9F1DA00AD2063 /* Debug */ = {
			isa = XCBuildConfiguration;
			buildSettings = {
				ALWAYS_SEARCH_USER_PATHS = NO;
				ASSETCATALOG_COMPILER_GENERATE_SWIFT_ASSET_SYMBOL_EXTENSIONS = YES;
				CLANG_ANALYZER_NONNULL = YES;
				CLANG_ANALYZER_NUMBER_OBJECT_CONVERSION = YES_AGGRESSIVE;
				CLANG_CXX_LANGUAGE_STANDARD = "gnu++20";
				CLANG_ENABLE_MODULES = YES;
				CLANG_ENABLE_OBJC_ARC = YES;
				CLANG_ENABLE_OBJC_WEAK = YES;
				CLANG_WARN_BLOCK_CAPTURE_AUTORELEASING = YES;
				CLANG_WARN_BOOL_CONVERSION = YES;
				CLANG_WARN_COMMA = YES;
				CLANG_WARN_CONSTANT_CONVERSION = YES;
				CLANG_WARN_DEPRECATED_OBJC_IMPLEMENTATIONS = YES;
				CLANG_WARN_DIRECT_OBJC_ISA_USAGE = YES_ERROR;
				CLANG_WARN_DOCUMENTATION_COMMENTS = YES;
				CLANG_WARN_EMPTY_BODY = YES;
				CLANG_WARN_ENUM_CONVERSION = YES;
				CLANG_WARN_INFINITE_RECURSION = YES;
				CLANG_WARN_INT_CONVERSION = YES;
				CLANG_WARN_NON_LITERAL_NULL_CONVERSION = YES;
				CLANG_WARN_OBJC_IMPLICIT_RETAIN_SELF = YES;
				CLANG_WARN_OBJC_LITERAL_CONVERSION = YES;
				CLANG_WARN_OBJC_ROOT_CLASS = YES_ERROR;
				CLANG_WARN_QUOTED_INCLUDE_IN_FRAMEWORK_HEADER = YES;
				CLANG_WARN_RANGE_LOOP_ANALYSIS = YES;
				CLANG_WARN_STRICT_PROTOTYPES = YES;
				CLANG_WARN_SUSPICIOUS_MOVE = YES;
				CLANG_WARN_UNGUARDED_AVAILABILITY = YES_AGGRESSIVE;
				CLANG_WARN_UNREACHABLE_CODE = YES;
				CLANG_WARN__DUPLICATE_METHOD_MATCH = YES;
				COPY_PHASE_STRIP = NO;
				DEBUG_INFORMATION_FORMAT = dwarf;
				ENABLE_STRICT_OBJC_MSGSEND = YES;
				ENABLE_TESTABILITY = YES;
				ENABLE_USER_SCRIPT_SANDBOXING = YES;
				GCC_C_LANGUAGE_STANDARD = gnu17;
				GCC_DYNAMIC_NO_PIC = NO;
				GCC_NO_COMMON_BLOCKS = YES;
				GCC_OPTIMIZATION_LEVEL = 0;
				GCC_PREPROCESSOR_DEFINITIONS = (
					"DEBUG=1",
					"$(inherited)",
				);
				GCC_WARN_64_TO_32_BIT_CONVERSION = YES;
				GCC_WARN_ABOUT_RETURN_TYPE = YES_ERROR;
				GCC_WARN_UNDECLARED_SELECTOR = YES;
				GCC_WARN_UNINITIALIZED_AUTOS = YES_AGGRESSIVE;
				GCC_WARN_UNUSED_FUNCTION = YES;
				GCC_WARN_UNUSED_VARIABLE = YES;
				IPHONEOS_DEPLOYMENT_TARGET = 18.0;
				LOCALIZATION_PREFERS_STRING_CATALOGS = YES;
				MTL_ENABLE_DEBUG_INFO = INCLUDE_SOURCE;
				MTL_FAST_MATH = YES;
				ONLY_ACTIVE_ARCH = YES;
				SDKROOT = iphoneos;
				SWIFT_ACTIVE_COMPILATION_CONDITIONS = "DEBUG $(inherited)";
				SWIFT_OPTIMIZATION_LEVEL = "-Onone";
			};
			name = Debug;
		};
		24011F402CC9F1DA00AD2063 /* Release */ = {
			isa = XCBuildConfiguration;
			buildSettings = {
				ALWAYS_SEARCH_USER_PATHS = NO;
				ASSETCATALOG_COMPILER_GENERATE_SWIFT_ASSET_SYMBOL_EXTENSIONS = YES;
				CLANG_ANALYZER_NONNULL = YES;
				CLANG_ANALYZER_NUMBER_OBJECT_CONVERSION = YES_AGGRESSIVE;
				CLANG_CXX_LANGUAGE_STANDARD = "gnu++20";
				CLANG_ENABLE_MODULES = YES;
				CLANG_ENABLE_OBJC_ARC = YES;
				CLANG_ENABLE_OBJC_WEAK = YES;
				CLANG_WARN_BLOCK_CAPTURE_AUTORELEASING = YES;
				CLANG_WARN_BOOL_CONVERSION = YES;
				CLANG_WARN_COMMA = YES;
				CLANG_WARN_CONSTANT_CONVERSION = YES;
				CLANG_WARN_DEPRECATED_OBJC_IMPLEMENTATIONS = YES;
				CLANG_WARN_DIRECT_OBJC_ISA_USAGE = YES_ERROR;
				CLANG_WARN_DOCUMENTATION_COMMENTS = YES;
				CLANG_WARN_EMPTY_BODY = YES;
				CLANG_WARN_ENUM_CONVERSION = YES;
				CLANG_WARN_INFINITE_RECURSION = YES;
				CLANG_WARN_INT_CONVERSION = YES;
				CLANG_WARN_NON_LITERAL_NULL_CONVERSION = YES;
				CLANG_WARN_OBJC_IMPLICIT_RETAIN_SELF = YES;
				CLANG_WARN_OBJC_LITERAL_CONVERSION = YES;
				CLANG_WARN_OBJC_ROOT_CLASS = YES_ERROR;
				CLANG_WARN_QUOTED_INCLUDE_IN_FRAMEWORK_HEADER = YES;
				CLANG_WARN_RANGE_LOOP_ANALYSIS = YES;
				CLANG_WARN_STRICT_PROTOTYPES = YES;
				CLANG_WARN_SUSPICIOUS_MOVE = YES;
				CLANG_WARN_UNGUARDED_AVAILABILITY = YES_AGGRESSIVE;
				CLANG_WARN_UNREACHABLE_CODE = YES;
				CLANG_WARN__DUPLICATE_METHOD_MATCH = YES;
				COPY_PHASE_STRIP = NO;
				DEBUG_INFORMATION_FORMAT = "dwarf-with-dsym";
				ENABLE_NS_ASSERTIONS = NO;
				ENABLE_STRICT_OBJC_MSGSEND = YES;
				ENABLE_USER_SCRIPT_SANDBOXING = YES;
				GCC_C_LANGUAGE_STANDARD = gnu17;
				GCC_NO_COMMON_BLOCKS = YES;
				GCC_WARN_64_TO_32_BIT_CONVERSION = YES;
				GCC_WARN_ABOUT_RETURN_TYPE = YES_ERROR;
				GCC_WARN_UNDECLARED_SELECTOR = YES;
				GCC_WARN_UNINITIALIZED_AUTOS = YES_AGGRESSIVE;
				GCC_WARN_UNUSED_FUNCTION = YES;
				GCC_WARN_UNUSED_VARIABLE = YES;
				IPHONEOS_DEPLOYMENT_TARGET = 18.0;
				LOCALIZATION_PREFERS_STRING_CATALOGS = YES;
				MTL_ENABLE_DEBUG_INFO = NO;
				MTL_FAST_MATH = YES;
				SDKROOT = iphoneos;
				SWIFT_COMPILATION_MODE = wholemodule;
				VALIDATE_PRODUCT = YES;
			};
			name = Release;
		};
		24011F422CC9F1DA00AD2063 /* Debug */ = {
			isa = XCBuildConfiguration;
			buildSettings = {
				ASSETCATALOG_COMPILER_APPICON_NAME = AppIcon;
				ASSETCATALOG_COMPILER_GLOBAL_ACCENT_COLOR_NAME = AccentColor;
				CODE_SIGN_STYLE = Automatic;
				CURRENT_PROJECT_VERSION = 1;
				DEVELOPMENT_ASSET_PATHS = "\"06Grids/Preview Content\"";
				ENABLE_PREVIEWS = YES;
				GENERATE_INFOPLIST_FILE = YES;
				INFOPLIST_FILE = "-6Grids-Info.plist";
				INFOPLIST_KEY_UIApplicationSceneManifest_Generation = YES;
				INFOPLIST_KEY_UIApplicationSupportsIndirectInputEvents = YES;
				INFOPLIST_KEY_UILaunchScreen_Generation = YES;
				INFOPLIST_KEY_UISupportedInterfaceOrientations_iPad = "UIInterfaceOrientationPortrait UIInterfaceOrientationPortraitUpsideDown UIInterfaceOrientationLandscapeLeft UIInterfaceOrientationLandscapeRight";
				INFOPLIST_KEY_UISupportedInterfaceOrientations_iPhone = "UIInterfaceOrientationPortrait UIInterfaceOrientationLandscapeLeft UIInterfaceOrientationLandscapeRight";
				LD_RUNPATH_SEARCH_PATHS = (
					"$(inherited)",
					"@executable_path/Frameworks",
				);
				MARKETING_VERSION = 1.0;
				PRODUCT_BUNDLE_IDENTIFIER = "com.example.test.-6Grids";
				PRODUCT_NAME = "$(TARGET_NAME)";
				SWIFT_EMIT_LOC_STRINGS = YES;
				SWIFT_VERSION = 5.0;
				TARGETED_DEVICE_FAMILY = "1,2";
			};
			name = Debug;
		};
		24011F432CC9F1DA00AD2063 /* Release */ = {
			isa = XCBuildConfiguration;
			buildSettings = {
				ASSETCATALOG_COMPILER_APPICON_NAME = AppIcon;
				ASSETCATALOG_COMPILER_GLOBAL_ACCENT_COLOR_NAME = AccentColor;
				CODE_SIGN_STYLE = Automatic;
				CURRENT_PROJECT_VERSION = 1;
				DEVELOPMENT_ASSET_PATHS = "\"06Grids/Preview Content\"";
				ENABLE_PREVIEWS = YES;
				GENERATE_INFOPLIST_FILE = YES;
				INFOPLIST_FILE = "-6Grids-Info.plist";
				INFOPLIST_KEY_UIApplicationSceneManifest_Generation = YES;
				INFOPLIST_KEY_UIApplicationSupportsIndirectInputEvents = YES;
				INFOPLIST_KEY_UILaunchScreen_Generation = YES;
				INFOPLIST_KEY_UISupportedInterfaceOrientations_iPad = "UIInterfaceOrientationPortrait UIInterfaceOrientationPortraitUpsideDown UIInterfaceOrientationLandscapeLeft UIInterfaceOrientationLandscapeRight";
				INFOPLIST_KEY_UISupportedInterfaceOrientations_iPhone = "UIInterfaceOrientationPortrait UIInterfaceOrientationLandscapeLeft UIInterfaceOrientationLandscapeRight";
				LD_RUNPATH_SEARCH_PATHS = (
					"$(inherited)",
					"@executable_path/Frameworks",
				);
				MARKETING_VERSION = 1.0;
				PRODUCT_BUNDLE_IDENTIFIER = "com.example.test.-6Grids";
				PRODUCT_NAME = "$(TARGET_NAME)";
				SWIFT_EMIT_LOC_STRINGS = YES;
				SWIFT_VERSION = 5.0;
				TARGETED_DEVICE_FAMILY = "1,2";
			};
			name = Release;
		};
		24011F452CC9F1DA00AD2063 /* Debug */ = {
			isa = XCBuildConfiguration;
			buildSettings = {
				BUNDLE_LOADER = "$(TEST_HOST)";
				CODE_SIGN_STYLE = Automatic;
				CURRENT_PROJECT_VERSION = 1;
				GENERATE_INFOPLIST_FILE = YES;
				IPHONEOS_DEPLOYMENT_TARGET = 18.0;
				MARKETING_VERSION = 1.0;
				PRODUCT_BUNDLE_IDENTIFIER = "com.example.test.-6GridsTests";
				PRODUCT_NAME = "$(TARGET_NAME)";
				SWIFT_EMIT_LOC_STRINGS = NO;
				SWIFT_VERSION = 5.0;
				TARGETED_DEVICE_FAMILY = "1,2";
				TEST_HOST = "$(BUILT_PRODUCTS_DIR)/06Grids.app/$(BUNDLE_EXECUTABLE_FOLDER_PATH)/06Grids";
			};
			name = Debug;
		};
		24011F462CC9F1DA00AD2063 /* Release */ = {
			isa = XCBuildConfiguration;
			buildSettings = {
				BUNDLE_LOADER = "$(TEST_HOST)";
				CODE_SIGN_STYLE = Automatic;
				CURRENT_PROJECT_VERSION = 1;
				GENERATE_INFOPLIST_FILE = YES;
				IPHONEOS_DEPLOYMENT_TARGET = 18.0;
				MARKETING_VERSION = 1.0;
				PRODUCT_BUNDLE_IDENTIFIER = "com.example.test.-6GridsTests";
				PRODUCT_NAME = "$(TARGET_NAME)";
				SWIFT_EMIT_LOC_STRINGS = NO;
				SWIFT_VERSION = 5.0;
				TARGETED_DEVICE_FAMILY = "1,2";
				TEST_HOST = "$(BUILT_PRODUCTS_DIR)/06Grids.app/$(BUNDLE_EXECUTABLE_FOLDER_PATH)/06Grids";
			};
			name = Release;
		};
		24011F482CC9F1DA00AD2063 /* Debug */ = {
			isa = XCBuildConfiguration;
			buildSettings = {
				CODE_SIGN_STYLE = Automatic;
				CURRENT_PROJECT_VERSION = 1;
				GENERATE_INFOPLIST_FILE = YES;
				MARKETING_VERSION = 1.0;
				PRODUCT_BUNDLE_IDENTIFIER = "com.example.test.-6GridsUITests";
				PRODUCT_NAME = "$(TARGET_NAME)";
				SWIFT_EMIT_LOC_STRINGS = NO;
				SWIFT_VERSION = 5.0;
				TARGETED_DEVICE_FAMILY = "1,2";
				TEST_TARGET_NAME = 06Grids;
			};
			name = Debug;
		};
		24011F492CC9F1DA00AD2063 /* Release */ = {
			isa = XCBuildConfiguration;
			buildSettings = {
				CODE_SIGN_STYLE = Automatic;
				CURRENT_PROJECT_VERSION = 1;
				GENERATE_INFOPLIST_FILE = YES;
				MARKETING_VERSION = 1.0;
				PRODUCT_BUNDLE_IDENTIFIER = "com.example.test.-6GridsUITests";
				PRODUCT_NAME = "$(TARGET_NAME)";
				SWIFT_EMIT_LOC_STRINGS = NO;
				SWIFT_VERSION = 5.0;
				TARGETED_DEVICE_FAMILY = "1,2";
				TEST_TARGET_NAME = 06Grids;
			};
			name = Release;
		};
/* End XCBuildConfiguration section */

/* Begin XCConfigurationList section */
		24011F182CC9F1D900AD2063 /* Build configuration list for PBXProject "06Grids" */ = {
			isa = XCConfigurationList;
			buildConfigurations = (
				24011F3F2CC9F1DA00AD2063 /* Debug */,
				24011F402CC9F1DA00AD2063 /* Release */,
			);
			defaultConfigurationIsVisible = 0;
			defaultConfigurationName = Release;
		};
		24011F412CC9F1DA00AD2063 /* Build configuration list for PBXNativeTarget "06Grids" */ = {
			isa = XCConfigurationList;
			buildConfigurations = (
				24011F422CC9F1DA00AD2063 /* Debug */,
				24011F432CC9F1DA00AD2063 /* Release */,
			);
			defaultConfigurationIsVisible = 0;
			defaultConfigurationName = Release;
		};
		24011F442CC9F1DA00AD2063 /* Build configuration list for PBXNativeTarget "06GridsTests" */ = {
			isa = XCConfigurationList;
			buildConfigurations = (
				24011F452CC9F1DA00AD2063 /* Debug */,
				24011F462CC9F1DA00AD2063 /* Release */,
			);
			defaultConfigurationIsVisible = 0;
			defaultConfigurationName = Release;
		};
		24011F472CC9F1DA00AD2063 /* Build configuration list for PBXNativeTarget "06GridsUITests" */ = {
			isa = XCConfigurationList;
			buildConfigurations = (
				24011F482CC9F1DA00AD2063 /* Debug */,
				24011F492CC9F1DA00AD2063 /* Release */,
			);
			defaultConfigurationIsVisible = 0;
			defaultConfigurationName = Release;
		};
/* End XCConfigurationList section */
	};
	rootObject = 24011F152CC9F1D900AD2063 /* Project object */;
}
