// !$*UTF8*$!
{
	archiveVersion = 1;
	classes = {
	};
	objectVersion = 77;
	objects = {

/* Begin PBXContainerItemProxy section */
		24F2AB192CEA0B6700F2CA75 /* PBXContainerItemProxy */ = {
			isa = PBXContainerItemProxy;
			containerPortal = 24F2AB002CEA0B6500F2CA75 /* Project object */;
			proxyType = 1;
			remoteGlobalIDString = 24F2AB072CEA0B6500F2CA75;
			remoteInfo = task03;
		};
		24F2AB232CEA0B6700F2CA75 /* PBXContainerItemProxy */ = {
			isa = PBXContainerItemProxy;
			containerPortal = 24F2AB002CEA0B6500F2CA75 /* Project object */;
			proxyType = 1;
			remoteGlobalIDString = 24F2AB072CEA0B6500F2CA75;
			remoteInfo = task03;
		};
/* End PBXContainerItemProxy section */

/* Begin PBXFileReference section */
		24F2AB082CEA0B6500F2CA75 /* task03.app */ = {isa = PBXFileReference; explicitFileType = wrapper.application; includeInIndex = 0; path = task03.app; sourceTree = BUILT_PRODUCTS_DIR; };
		24F2AB182CEA0B6700F2CA75 /* task03Tests.xctest */ = {isa = PBXFileReference; explicitFileType = wrapper.cfbundle; includeInIndex = 0; path = task03Tests.xctest; sourceTree = BUILT_PRODUCTS_DIR; };
		24F2AB222CEA0B6700F2CA75 /* task03UITests.xctest */ = {isa = PBXFileReference; explicitFileType = wrapper.cfbundle; includeInIndex = 0; path = task03UITests.xctest; sourceTree = BUILT_PRODUCTS_DIR; };
/* End PBXFileReference section */

/* Begin PBXFileSystemSynchronizedRootGroup section */
		24F2AB0A2CEA0B6500F2CA75 /* task03 */ = {
			isa = PBXFileSystemSynchronizedRootGroup;
			path = task03;
			sourceTree = "<group>";
		};
		24F2AB1B2CEA0B6700F2CA75 /* task03Tests */ = {
			isa = PBXFileSystemSynchronizedRootGroup;
			path = task03Tests;
			sourceTree = "<group>";
		};
		24F2AB252CEA0B6700F2CA75 /* task03UITests */ = {
			isa = PBXFileSystemSynchronizedRootGroup;
			path = task03UITests;
			sourceTree = "<group>";
		};
/* End PBXFileSystemSynchronizedRootGroup section */

/* Begin PBXFrameworksBuildPhase section */
		24F2AB052CEA0B6500F2CA75 /* Frameworks */ = {
			isa = PBXFrameworksBuildPhase;
			buildActionMask = 2147483647;
			files = (
			);
			runOnlyForDeploymentPostprocessing = 0;
		};
		24F2AB152CEA0B6700F2CA75 /* Frameworks */ = {
			isa = PBXFrameworksBuildPhase;
			buildActionMask = 2147483647;
			files = (
			);
			runOnlyForDeploymentPostprocessing = 0;
		};
		24F2AB1F2CEA0B6700F2CA75 /* Frameworks */ = {
			isa = PBXFrameworksBuildPhase;
			buildActionMask = 2147483647;
			files = (
			);
			runOnlyForDeploymentPostprocessing = 0;
		};
/* End PBXFrameworksBuildPhase section */

/* Begin PBXGroup section */
		24F2AAFF2CEA0B6500F2CA75 = {
			isa = PBXGroup;
			children = (
				24F2AB0A2CEA0B6500F2CA75 /* task03 */,
				24F2AB1B2CEA0B6700F2CA75 /* task03Tests */,
				24F2AB252CEA0B6700F2CA75 /* task03UITests */,
				24F2AB092CEA0B6500F2CA75 /* Products */,
			);
			sourceTree = "<group>";
		};
		24F2AB092CEA0B6500F2CA75 /* Products */ = {
			isa = PBXGroup;
			children = (
				24F2AB082CEA0B6500F2CA75 /* task03.app */,
				24F2AB182CEA0B6700F2CA75 /* task03Tests.xctest */,
				24F2AB222CEA0B6700F2CA75 /* task03UITests.xctest */,
			);
			name = Products;
			sourceTree = "<group>";
		};
/* End PBXGroup section */

/* Begin PBXNativeTarget section */
		24F2AB072CEA0B6500F2CA75 /* task03 */ = {
			isa = PBXNativeTarget;
			buildConfigurationList = 24F2AB2C2CEA0B6700F2CA75 /* Build configuration list for PBXNativeTarget "task03" */;
			buildPhases = (
				24F2AB042CEA0B6500F2CA75 /* Sources */,
				24F2AB052CEA0B6500F2CA75 /* Frameworks */,
				24F2AB062CEA0B6500F2CA75 /* Resources */,
			);
			buildRules = (
			);
			dependencies = (
			);
			fileSystemSynchronizedGroups = (
				24F2AB0A2CEA0B6500F2CA75 /* task03 */,
			);
			name = task03;
			packageProductDependencies = (
			);
			productName = task03;
			productReference = 24F2AB082CEA0B6500F2CA75 /* task03.app */;
			productType = "com.apple.product-type.application";
		};
		24F2AB172CEA0B6700F2CA75 /* task03Tests */ = {
			isa = PBXNativeTarget;
			buildConfigurationList = 24F2AB2F2CEA0B6700F2CA75 /* Build configuration list for PBXNativeTarget "task03Tests" */;
			buildPhases = (
				24F2AB142CEA0B6700F2CA75 /* Sources */,
				24F2AB152CEA0B6700F2CA75 /* Frameworks */,
				24F2AB162CEA0B6700F2CA75 /* Resources */,
			);
			buildRules = (
			);
			dependencies = (
				24F2AB1A2CEA0B6700F2CA75 /* PBXTargetDependency */,
			);
			fileSystemSynchronizedGroups = (
				24F2AB1B2CEA0B6700F2CA75 /* task03Tests */,
			);
			name = task03Tests;
			packageProductDependencies = (
			);
			productName = task03Tests;
			productReference = 24F2AB182CEA0B6700F2CA75 /* task03Tests.xctest */;
			productType = "com.apple.product-type.bundle.unit-test";
		};
		24F2AB212CEA0B6700F2CA75 /* task03UITests */ = {
			isa = PBXNativeTarget;
			buildConfigurationList = 24F2AB322CEA0B6700F2CA75 /* Build configuration list for PBXNativeTarget "task03UITests" */;
			buildPhases = (
				24F2AB1E2CEA0B6700F2CA75 /* Sources */,
				24F2AB1F2CEA0B6700F2CA75 /* Frameworks */,
				24F2AB202CEA0B6700F2CA75 /* Resources */,
			);
			buildRules = (
			);
			dependencies = (
				24F2AB242CEA0B6700F2CA75 /* PBXTargetDependency */,
			);
			fileSystemSynchronizedGroups = (
				24F2AB252CEA0B6700F2CA75 /* task03UITests */,
			);
			name = task03UITests;
			packageProductDependencies = (
			);
			productName = task03UITests;
			productReference = 24F2AB222CEA0B6700F2CA75 /* task03UITests.xctest */;
			productType = "com.apple.product-type.bundle.ui-testing";
		};
/* End PBXNativeTarget section */

/* Begin PBXProject section */
		24F2AB002CEA0B6500F2CA75 /* Project object */ = {
			isa = PBXProject;
			attributes = {
				BuildIndependentTargetsInParallel = 1;
				LastSwiftUpdateCheck = 1610;
				LastUpgradeCheck = 1610;
				TargetAttributes = {
					24F2AB072CEA0B6500F2CA75 = {
						CreatedOnToolsVersion = 16.1;
					};
					24F2AB172CEA0B6700F2CA75 = {
						CreatedOnToolsVersion = 16.1;
						TestTargetID = 24F2AB072CEA0B6500F2CA75;
					};
					24F2AB212CEA0B6700F2CA75 = {
						CreatedOnToolsVersion = 16.1;
						TestTargetID = 24F2AB072CEA0B6500F2CA75;
					};
				};
			};
			buildConfigurationList = 24F2AB032CEA0B6500F2CA75 /* Build configuration list for PBXProject "task03" */;
			developmentRegion = en;
			hasScannedForEncodings = 0;
			knownRegions = (
				en,
				Base,
			);
			mainGroup = 24F2AAFF2CEA0B6500F2CA75;
			minimizedProjectReferenceProxies = 1;
			preferredProjectObjectVersion = 77;
			productRefGroup = 24F2AB092CEA0B6500F2CA75 /* Products */;
			projectDirPath = "";
			projectRoot = "";
			targets = (
				24F2AB072CEA0B6500F2CA75 /* task03 */,
				24F2AB172CEA0B6700F2CA75 /* task03Tests */,
				24F2AB212CEA0B6700F2CA75 /* task03UITests */,
			);
		};
/* End PBXProject section */

/* Begin PBXResourcesBuildPhase section */
		24F2AB062CEA0B6500F2CA75 /* Resources */ = {
			isa = PBXResourcesBuildPhase;
			buildActionMask = 2147483647;
			files = (
			);
			runOnlyForDeploymentPostprocessing = 0;
		};
		24F2AB162CEA0B6700F2CA75 /* Resources */ = {
			isa = PBXResourcesBuildPhase;
			buildActionMask = 2147483647;
			files = (
			);
			runOnlyForDeploymentPostprocessing = 0;
		};
		24F2AB202CEA0B6700F2CA75 /* Resources */ = {
			isa = PBXResourcesBuildPhase;
			buildActionMask = 2147483647;
			files = (
			);
			runOnlyForDeploymentPostprocessing = 0;
		};
/* End PBXResourcesBuildPhase section */

/* Begin PBXSourcesBuildPhase section */
		24F2AB042CEA0B6500F2CA75 /* Sources */ = {
			isa = PBXSourcesBuildPhase;
			buildActionMask = 2147483647;
			files = (
			);
			runOnlyForDeploymentPostprocessing = 0;
		};
		24F2AB142CEA0B6700F2CA75 /* Sources */ = {
			isa = PBXSourcesBuildPhase;
			buildActionMask = 2147483647;
			files = (
			);
			runOnlyForDeploymentPostprocessing = 0;
		};
		24F2AB1E2CEA0B6700F2CA75 /* Sources */ = {
			isa = PBXSourcesBuildPhase;
			buildActionMask = 2147483647;
			files = (
			);
			runOnlyForDeploymentPostprocessing = 0;
		};
/* End PBXSourcesBuildPhase section */

/* Begin PBXTargetDependency section */
		24F2AB1A2CEA0B6700F2CA75 /* PBXTargetDependency */ = {
			isa = PBXTargetDependency;
			target = 24F2AB072CEA0B6500F2CA75 /* task03 */;
			targetProxy = 24F2AB192CEA0B6700F2CA75 /* PBXContainerItemProxy */;
		};
		24F2AB242CEA0B6700F2CA75 /* PBXTargetDependency */ = {
			isa = PBXTargetDependency;
			target = 24F2AB072CEA0B6500F2CA75 /* task03 */;
			targetProxy = 24F2AB232CEA0B6700F2CA75 /* PBXContainerItemProxy */;
		};
/* End PBXTargetDependency section */

/* Begin XCBuildConfiguration section */
		24F2AB2A2CEA0B6700F2CA75 /* Debug */ = {
			isa = XCBuildConfiguration;
			buildSettings = {
				ALWAYS_SEARCH_USER_PATHS = NO;
				ASSETCATALOG_COMPILER_GENERATE_SWIFT_ASSET_SYMBOL_EXTENSIONS = YES;
				CLANG_ANALYZER_NONNULL = YES;
				CLANG_ANALYZER_NUMBER_OBJECT_CONVERSION = YES_AGGRESSIVE;
				CLANG_CXX_LANGUAGE_STANDARD = "gnu++20";
				CLANG_ENABLE_MODULES = YES;
				CLANG_ENABLE_OBJC_ARC = YES;
				CLANG_ENABLE_OBJC_WEAK = YES;
				CLANG_WARN_BLOCK_CAPTURE_AUTORELEASING = YES;
				CLANG_WARN_BOOL_CONVERSION = YES;
				CLANG_WARN_COMMA = YES;
				CLANG_WARN_CONSTANT_CONVERSION = YES;
				CLANG_WARN_DEPRECATED_OBJC_IMPLEMENTATIONS = YES;
				CLANG_WARN_DIRECT_OBJC_ISA_USAGE = YES_ERROR;
				CLANG_WARN_DOCUMENTATION_COMMENTS = YES;
				CLANG_WARN_EMPTY_BODY = YES;
				CLANG_WARN_ENUM_CONVERSION = YES;
				CLANG_WARN_INFINITE_RECURSION = YES;
				CLANG_WARN_INT_CONVERSION = YES;
				CLANG_WARN_NON_LITERAL_NULL_CONVERSION = YES;
				CLANG_WARN_OBJC_IMPLICIT_RETAIN_SELF = YES;
				CLANG_WARN_OBJC_LITERAL_CONVERSION = YES;
				CLANG_WARN_OBJC_ROOT_CLASS = YES_ERROR;
				CLANG_WARN_QUOTED_INCLUDE_IN_FRAMEWORK_HEADER = YES;
				CLANG_WARN_RANGE_LOOP_ANALYSIS = YES;
				CLANG_WARN_STRICT_PROTOTYPES = YES;
				CLANG_WARN_SUSPICIOUS_MOVE = YES;
				CLANG_WARN_UNGUARDED_AVAILABILITY = YES_AGGRESSIVE;
				CLANG_WARN_UNREACHABLE_CODE = YES;
				CLANG_WARN__DUPLICATE_METHOD_MATCH = YES;
				COPY_PHASE_STRIP = NO;
				DEBUG_INFORMATION_FORMAT = dwarf;
				ENABLE_STRICT_OBJC_MSGSEND = YES;
				ENABLE_TESTABILITY = YES;
				ENABLE_USER_SCRIPT_SANDBOXING = YES;
				GCC_C_LANGUAGE_STANDARD = gnu17;
				GCC_DYNAMIC_NO_PIC = NO;
				GCC_NO_COMMON_BLOCKS = YES;
				GCC_OPTIMIZATION_LEVEL = 0;
				GCC_PREPROCESSOR_DEFINITIONS = (
					"DEBUG=1",
					"$(inherited)",
				);
				GCC_WARN_64_TO_32_BIT_CONVERSION = YES;
				GCC_WARN_ABOUT_RETURN_TYPE = YES_ERROR;
				GCC_WARN_UNDECLARED_SELECTOR = YES;
				GCC_WARN_UNINITIALIZED_AUTOS = YES_AGGRESSIVE;
				GCC_WARN_UNUSED_FUNCTION = YES;
				GCC_WARN_UNUSED_VARIABLE = YES;
				IPHONEOS_DEPLOYMENT_TARGET = 18.1;
				LOCALIZATION_PREFERS_STRING_CATALOGS = YES;
				MTL_ENABLE_DEBUG_INFO = INCLUDE_SOURCE;
				MTL_FAST_MATH = YES;
				ONLY_ACTIVE_ARCH = YES;
				SDKROOT = iphoneos;
				SWIFT_ACTIVE_COMPILATION_CONDITIONS = "DEBUG $(inherited)";
				SWIFT_OPTIMIZATION_LEVEL = "-Onone";
			};
			name = Debug;
		};
		24F2AB2B2CEA0B6700F2CA75 /* Release */ = {
			isa = XCBuildConfiguration;
			buildSettings = {
				ALWAYS_SEARCH_USER_PATHS = NO;
				ASSETCATALOG_COMPILER_GENERATE_SWIFT_ASSET_SYMBOL_EXTENSIONS = YES;
				CLANG_ANALYZER_NONNULL = YES;
				CLANG_ANALYZER_NUMBER_OBJECT_CONVERSION = YES_AGGRESSIVE;
				CLANG_CXX_LANGUAGE_STANDARD = "gnu++20";
				CLANG_ENABLE_MODULES = YES;
				CLANG_ENABLE_OBJC_ARC = YES;
				CLANG_ENABLE_OBJC_WEAK = YES;
				CLANG_WARN_BLOCK_CAPTURE_AUTORELEASING = YES;
				CLANG_WARN_BOOL_CONVERSION = YES;
				CLANG_WARN_COMMA = YES;
				CLANG_WARN_CONSTANT_CONVERSION = YES;
				CLANG_WARN_DEPRECATED_OBJC_IMPLEMENTATIONS = YES;
				CLANG_WARN_DIRECT_OBJC_ISA_USAGE = YES_ERROR;
				CLANG_WARN_DOCUMENTATION_COMMENTS = YES;
				CLANG_WARN_EMPTY_BODY = YES;
				CLANG_WARN_ENUM_CONVERSION = YES;
				CLANG_WARN_INFINITE_RECURSION = YES;
				CLANG_WARN_INT_CONVERSION = YES;
				CLANG_WARN_NON_LITERAL_NULL_CONVERSION = YES;
				CLANG_WARN_OBJC_IMPLICIT_RETAIN_SELF = YES;
				CLANG_WARN_OBJC_LITERAL_CONVERSION = YES;
				CLANG_WARN_OBJC_ROOT_CLASS = YES_ERROR;
				CLANG_WARN_QUOTED_INCLUDE_IN_FRAMEWORK_HEADER = YES;
				CLANG_WARN_RANGE_LOOP_ANALYSIS = YES;
				CLANG_WARN_STRICT_PROTOTYPES = YES;
				CLANG_WARN_SUSPICIOUS_MOVE = YES;
				CLANG_WARN_UNGUARDED_AVAILABILITY = YES_AGGRESSIVE;
				CLANG_WARN_UNREACHABLE_CODE = YES;
				CLANG_WARN__DUPLICATE_METHOD_MATCH = YES;
				COPY_PHASE_STRIP = NO;
				DEBUG_INFORMATION_FORMAT = "dwarf-with-dsym";
				ENABLE_NS_ASSERTIONS = NO;
				ENABLE_STRICT_OBJC_MSGSEND = YES;
				ENABLE_USER_SCRIPT_SANDBOXING = YES;
				GCC_C_LANGUAGE_STANDARD = gnu17;
				GCC_NO_COMMON_BLOCKS = YES;
				GCC_WARN_64_TO_32_BIT_CONVERSION = YES;
				GCC_WARN_ABOUT_RETURN_TYPE = YES_ERROR;
				GCC_WARN_UNDECLARED_SELECTOR = YES;
				GCC_WARN_UNINITIALIZED_AUTOS = YES_AGGRESSIVE;
				GCC_WARN_UNUSED_FUNCTION = YES;
				GCC_WARN_UNUSED_VARIABLE = YES;
				IPHONEOS_DEPLOYMENT_TARGET = 18.1;
				LOCALIZATION_PREFERS_STRING_CATALOGS = YES;
				MTL_ENABLE_DEBUG_INFO = NO;
				MTL_FAST_MATH = YES;
				SDKROOT = iphoneos;
				SWIFT_COMPILATION_MODE = wholemodule;
				VALIDATE_PRODUCT = YES;
			};
			name = Release;
		};
		24F2AB2D2CEA0B6700F2CA75 /* Debug */ = {
			isa = XCBuildConfiguration;
			buildSettings = {
				ASSETCATALOG_COMPILER_APPICON_NAME = AppIcon;
				ASSETCATALOG_COMPILER_GLOBAL_ACCENT_COLOR_NAME = AccentColor;
				CODE_SIGN_STYLE = Automatic;
				CURRENT_PROJECT_VERSION = 1;
				DEVELOPMENT_ASSET_PATHS = "\"task03/Preview Content\"";
				ENABLE_PREVIEWS = YES;
				GENERATE_INFOPLIST_FILE = YES;
				INFOPLIST_KEY_UIApplicationSceneManifest_Generation = YES;
				INFOPLIST_KEY_UIApplicationSupportsIndirectInputEvents = YES;
				INFOPLIST_KEY_UILaunchScreen_Generation = YES;
				INFOPLIST_KEY_UISupportedInterfaceOrientations_iPad = "UIInterfaceOrientationPortrait UIInterfaceOrientationPortraitUpsideDown UIInterfaceOrientationLandscapeLeft UIInterfaceOrientationLandscapeRight";
				INFOPLIST_KEY_UISupportedInterfaceOrientations_iPhone = "UIInterfaceOrientationPortrait UIInterfaceOrientationLandscapeLeft UIInterfaceOrientationLandscapeRight";
				LD_RUNPATH_SEARCH_PATHS = (
					"$(inherited)",
					"@executable_path/Frameworks",
				);
				MARKETING_VERSION = 1.0;
				PRODUCT_BUNDLE_IDENTIFIER = com.example.test.task03;
				PRODUCT_NAME = "$(TARGET_NAME)";
				SWIFT_EMIT_LOC_STRINGS = YES;
				SWIFT_VERSION = 5.0;
				TARGETED_DEVICE_FAMILY = "1,2";
			};
			name = Debug;
		};
		24F2AB2E2CEA0B6700F2CA75 /* Release */ = {
			isa = XCBuildConfiguration;
			buildSettings = {
				ASSETCATALOG_COMPILER_APPICON_NAME = AppIcon;
				ASSETCATALOG_COMPILER_GLOBAL_ACCENT_COLOR_NAME = AccentColor;
				CODE_SIGN_STYLE = Automatic;
				CURRENT_PROJECT_VERSION = 1;
				DEVELOPMENT_ASSET_PATHS = "\"task03/Preview Content\"";
				ENABLE_PREVIEWS = YES;
				GENERATE_INFOPLIST_FILE = YES;
				INFOPLIST_KEY_UIApplicationSceneManifest_Generation = YES;
				INFOPLIST_KEY_UIApplicationSupportsIndirectInputEvents = YES;
				INFOPLIST_KEY_UILaunchScreen_Generation = YES;
				INFOPLIST_KEY_UISupportedInterfaceOrientations_iPad = "UIInterfaceOrientationPortrait UIInterfaceOrientationPortraitUpsideDown UIInterfaceOrientationLandscapeLeft UIInterfaceOrientationLandscapeRight";
				INFOPLIST_KEY_UISupportedInterfaceOrientations_iPhone = "UIInterfaceOrientationPortrait UIInterfaceOrientationLandscapeLeft UIInterfaceOrientationLandscapeRight";
				LD_RUNPATH_SEARCH_PATHS = (
					"$(inherited)",
					"@executable_path/Frameworks",
				);
				MARKETING_VERSION = 1.0;
				PRODUCT_BUNDLE_IDENTIFIER = com.example.test.task03;
				PRODUCT_NAME = "$(TARGET_NAME)";
				SWIFT_EMIT_LOC_STRINGS = YES;
				SWIFT_VERSION = 5.0;
				TARGETED_DEVICE_FAMILY = "1,2";
			};
			name = Release;
		};
		24F2AB302CEA0B6700F2CA75 /* Debug */ = {
			isa = XCBuildConfiguration;
			buildSettings = {
				BUNDLE_LOADER = "$(TEST_HOST)";
				CODE_SIGN_STYLE = Automatic;
				CURRENT_PROJECT_VERSION = 1;
				GENERATE_INFOPLIST_FILE = YES;
				IPHONEOS_DEPLOYMENT_TARGET = 18.1;
				MARKETING_VERSION = 1.0;
				PRODUCT_BUNDLE_IDENTIFIER = com.example.test.task03Tests;
				PRODUCT_NAME = "$(TARGET_NAME)";
				SWIFT_EMIT_LOC_STRINGS = NO;
				SWIFT_VERSION = 5.0;
				TARGETED_DEVICE_FAMILY = "1,2";
				TEST_HOST = "$(BUILT_PRODUCTS_DIR)/task03.app/$(BUNDLE_EXECUTABLE_FOLDER_PATH)/task03";
			};
			name = Debug;
		};
		24F2AB312CEA0B6700F2CA75 /* Release */ = {
			isa = XCBuildConfiguration;
			buildSettings = {
				BUNDLE_LOADER = "$(TEST_HOST)";
				CODE_SIGN_STYLE = Automatic;
				CURRENT_PROJECT_VERSION = 1;
				GENERATE_INFOPLIST_FILE = YES;
				IPHONEOS_DEPLOYMENT_TARGET = 18.1;
				MARKETING_VERSION = 1.0;
				PRODUCT_BUNDLE_IDENTIFIER = com.example.test.task03Tests;
				PRODUCT_NAME = "$(TARGET_NAME)";
				SWIFT_EMIT_LOC_STRINGS = NO;
				SWIFT_VERSION = 5.0;
				TARGETED_DEVICE_FAMILY = "1,2";
				TEST_HOST = "$(BUILT_PRODUCTS_DIR)/task03.app/$(BUNDLE_EXECUTABLE_FOLDER_PATH)/task03";
			};
			name = Release;
		};
		24F2AB332CEA0B6700F2CA75 /* Debug */ = {
			isa = XCBuildConfiguration;
			buildSettings = {
				CODE_SIGN_STYLE = Automatic;
				CURRENT_PROJECT_VERSION = 1;
				GENERATE_INFOPLIST_FILE = YES;
				MARKETING_VERSION = 1.0;
				PRODUCT_BUNDLE_IDENTIFIER = com.example.test.task03UITests;
				PRODUCT_NAME = "$(TARGET_NAME)";
				SWIFT_EMIT_LOC_STRINGS = NO;
				SWIFT_VERSION = 5.0;
				TARGETED_DEVICE_FAMILY = "1,2";
				TEST_TARGET_NAME = task03;
			};
			name = Debug;
		};
		24F2AB342CEA0B6700F2CA75 /* Release */ = {
			isa = XCBuildConfiguration;
			buildSettings = {
				CODE_SIGN_STYLE = Automatic;
				CURRENT_PROJECT_VERSION = 1;
				GENERATE_INFOPLIST_FILE = YES;
				MARKETING_VERSION = 1.0;
				PRODUCT_BUNDLE_IDENTIFIER = com.example.test.task03UITests;
				PRODUCT_NAME = "$(TARGET_NAME)";
				SWIFT_EMIT_LOC_STRINGS = NO;
				SWIFT_VERSION = 5.0;
				TARGETED_DEVICE_FAMILY = "1,2";
				TEST_TARGET_NAME = task03;
			};
			name = Release;
		};
/* End XCBuildConfiguration section */

/* Begin XCConfigurationList section */
		24F2AB032CEA0B6500F2CA75 /* Build configuration list for PBXProject "task03" */ = {
			isa = XCConfigurationList;
			buildConfigurations = (
				24F2AB2A2CEA0B6700F2CA75 /* Debug */,
				24F2AB2B2CEA0B6700F2CA75 /* Release */,
			);
			defaultConfigurationIsVisible = 0;
			defaultConfigurationName = Release;
		};
		24F2AB2C2CEA0B6700F2CA75 /* Build configuration list for PBXNativeTarget "task03" */ = {
			isa = XCConfigurationList;
			buildConfigurations = (
				24F2AB2D2CEA0B6700F2CA75 /* Debug */,
				24F2AB2E2CEA0B6700F2CA75 /* Release */,
			);
			defaultConfigurationIsVisible = 0;
			defaultConfigurationName = Release;
		};
		24F2AB2F2CEA0B6700F2CA75 /* Build configuration list for PBXNativeTarget "task03Tests" */ = {
			isa = XCConfigurationList;
			buildConfigurations = (
				24F2AB302CEA0B6700F2CA75 /* Debug */,
				24F2AB312CEA0B6700F2CA75 /* Release */,
			);
			defaultConfigurationIsVisible = 0;
			defaultConfigurationName = Release;
		};
		24F2AB322CEA0B6700F2CA75 /* Build configuration list for PBXNativeTarget "task03UITests" */ = {
			isa = XCConfigurationList;
			buildConfigurations = (
				24F2AB332CEA0B6700F2CA75 /* Debug */,
				24F2AB342CEA0B6700F2CA75 /* Release */,
			);
			defaultConfigurationIsVisible = 0;
			defaultConfigurationName = Release;
		};
/* End XCConfigurationList section */
	};
	rootObject = 24F2AB002CEA0B6500F2CA75 /* Project object */;
}
